PODS:
  - Alamofire (4.8.2)
  - DGElasticPullToRefresh (1.1)
  - FFLabel (0.0.3)
  - Kingfisher (5.7.1)
  - NVActivityIndicatorView (4.8.0):
    - NVActivityIndicatorView/Presenter (= 4.8.0)
  - NVActivityIndicatorView/Presenter (4.8.0)
  - QorumLogs (0.9)
  - RxCocoa (5.1.1):
    - RxRelay (~> 5)
    - RxSwift (~> 5)
  - RxRelay (5.1.1):
    - RxSwift (~> 5)
  - RxSwift (5.1.1)
  - SnapKit (5.0.1)
  - SwiftyJSON (5.0.0)
  - Toast-Swift (5.0.1)

DEPENDENCIES:
  - Alamofire (~> 4.8.2)
  - DGElasticPullToRefresh
  - FFLabel
  - Kingfisher (~> 5.7.1)
  - NVActivityIndicatorView
  - QorumLogs
  - RxCocoa (~> 5)
  - RxSwift (~> 5)
  - SnapKit (~> 5.0.0)
  - SwiftyJSON
  - Toast-Swift (~> 5.0.1)

SPEC REPOS:
  https://github.com/cocoapods/specs.git:
    - Alamofire
    - DGElasticPullToRefresh
    - FFLabel
    - Kingfisher
    - NVActivityIndicatorView
    - QorumLogs
    - RxCocoa
    - RxRelay
    - RxSwift
    - SnapKit
    - SwiftyJSON
    - Toast-Swift

SPEC CHECKSUMS:
  Alamofire: ae5c501addb7afdbb13687d7f2f722c78734c2d3
  DGElasticPullToRefresh: 28f11a6026302a90f8ffebbc6e24748e584dddd3
  FFLabel: ded40d0ad233d269844125f28051e79b0690875f
  Kingfisher: 176d377ad339113c99ad4980cbae687f807e20fe
  NVActivityIndicatorView: d24b7ebcf80af5dcd994adb650e2b6c93379270f
  QorumLogs: 9a484df6973a3697ac79fe2273140fde6b36dccc
  RxCocoa: 32065309a38d29b5b0db858819b5bf9ef038b601
  RxRelay: d77f7d771495f43c556cbc43eebd1bb54d01e8e9
  RxSwift: 81470a2074fa8780320ea5fe4102807cb7118178
  SnapKit: 97b92857e3df3a0c71833cce143274bf6ef8e5eb
  SwiftyJSON: 36413e04c44ee145039d332b4f4e2d3e8d6c4db7
  Toast-Swift: 9b6a70f28b3bf0b96c40d46c0c4b9d6639846711

PODFILE CHECKSUM: 33a3963197f21e7a7e856ba2fff0a7ac1f111e03

COCOAPODS: 1.5.3
