// !$*UTF8*$!
{
	archiveVersion = 1;
	classes = {
	};
	objectVersion = 46;
	objects = {

/* Begin PBXBuildFile section */
		632FCEA21D8E6CCB00C9F8D6 /* RecommendViewController.swift in Sources */ = {isa = PBXBuildFile; fileRef = 632FCEA11D8E6CCB00C9F8D6 /* RecommendViewController.swift */; };
		632FCEA51D8E751000C9F8D6 /* CollectionHeaderView.swift in Sources */ = {isa = PBXBuildFile; fileRef = 632FCEA31D8E751000C9F8D6 /* CollectionHeaderView.swift */; };
		632FCEA61D8E751000C9F8D6 /* CollectionHeaderView.xib in Resources */ = {isa = PBXBuildFile; fileRef = 632FCEA41D8E751000C9F8D6 /* CollectionHeaderView.xib */; };
		632FCEA91D8E779600C9F8D6 /* CollectionNormalCell.swift in Sources */ = {isa = PBXBuildFile; fileRef = 632FCEA71D8E779600C9F8D6 /* CollectionNormalCell.swift */; };
		632FCEAA1D8E779600C9F8D6 /* CollectionNormalCell.xib in Resources */ = {isa = PBXBuildFile; fileRef = 632FCEA81D8E779600C9F8D6 /* CollectionNormalCell.xib */; };
		632FCEAD1D8E7CF400C9F8D6 /* CollectionPrettyCell.swift in Sources */ = {isa = PBXBuildFile; fileRef = 632FCEAB1D8E7CF400C9F8D6 /* CollectionPrettyCell.swift */; };
		632FCEAE1D8E7CF400C9F8D6 /* CollectionPrettyCell.xib in Resources */ = {isa = PBXBuildFile; fileRef = 632FCEAC1D8E7CF400C9F8D6 /* CollectionPrettyCell.xib */; };
		632FDC591D92179E00B6C536 /* RecommendCycleView.swift in Sources */ = {isa = PBXBuildFile; fileRef = 632FDC581D92179E00B6C536 /* RecommendCycleView.swift */; };
		632FDC5B1D9217B500B6C536 /* RecommendCycleView.xib in Resources */ = {isa = PBXBuildFile; fileRef = 632FDC5A1D9217B500B6C536 /* RecommendCycleView.xib */; };
		632FDC5D1D921F7800B6C536 /* CycleModel.swift in Sources */ = {isa = PBXBuildFile; fileRef = 632FDC5C1D921F7800B6C536 /* CycleModel.swift */; };
		632FDC601D92228000B6C536 /* CollectionCycleCell.swift in Sources */ = {isa = PBXBuildFile; fileRef = 632FDC5E1D92228000B6C536 /* CollectionCycleCell.swift */; };
		632FDC611D92228000B6C536 /* CollectionCycleCell.xib in Resources */ = {isa = PBXBuildFile; fileRef = 632FDC5F1D92228000B6C536 /* CollectionCycleCell.xib */; };
		632FDC631D922CF000B6C536 /* RecommendGameView.swift in Sources */ = {isa = PBXBuildFile; fileRef = 632FDC621D922CF000B6C536 /* RecommendGameView.swift */; };
		632FDC651D922CFC00B6C536 /* RecommendGameView.xib in Resources */ = {isa = PBXBuildFile; fileRef = 632FDC641D922CFC00B6C536 /* RecommendGameView.xib */; };
		632FDC681D9230FC00B6C536 /* CollectionGameCell.swift in Sources */ = {isa = PBXBuildFile; fileRef = 632FDC661D9230FC00B6C536 /* CollectionGameCell.swift */; };
		632FDC691D9230FC00B6C536 /* CollectionGameCell.xib in Resources */ = {isa = PBXBuildFile; fileRef = 632FDC671D9230FC00B6C536 /* CollectionGameCell.xib */; };
		6332FCF31DB0659F002F1054 /* FunnyViewController.swift in Sources */ = {isa = PBXBuildFile; fileRef = 6332FCF21DB0659F002F1054 /* FunnyViewController.swift */; };
		6332FCF51DB0698A002F1054 /* FunnyViewModel.swift in Sources */ = {isa = PBXBuildFile; fileRef = 6332FCF41DB0698A002F1054 /* FunnyViewModel.swift */; };
		6332FCF71DB07009002F1054 /* BaseViewController.swift in Sources */ = {isa = PBXBuildFile; fileRef = 6332FCF61DB07009002F1054 /* BaseViewController.swift */; };
		6332FCFD1DB07C0C002F1054 /* RoomShowViewController.swift in Sources */ = {isa = PBXBuildFile; fileRef = 6332FCFC1DB07C0C002F1054 /* RoomShowViewController.swift */; };
		6332FCFF1DB07C29002F1054 /* RoomNormalViewController.swift in Sources */ = {isa = PBXBuildFile; fileRef = 6332FCFE1DB07C29002F1054 /* RoomNormalViewController.swift */; };
		6332FD011DB07FA0002F1054 /* CustomNavigationController.swift in Sources */ = {isa = PBXBuildFile; fileRef = 6332FD001DB07FA0002F1054 /* CustomNavigationController.swift */; };
		63517CE11DAB82CE00ACACBF /* AmuseViewController.swift in Sources */ = {isa = PBXBuildFile; fileRef = 63517CE01DAB82CE00ACACBF /* AmuseViewController.swift */; };
		63517CE31DAB853600ACACBF /* AmuseViewModel.swift in Sources */ = {isa = PBXBuildFile; fileRef = 63517CE21DAB853600ACACBF /* AmuseViewModel.swift */; };
		63517CE61DAB89EC00ACACBF /* BaseViewModel.swift in Sources */ = {isa = PBXBuildFile; fileRef = 63517CE51DAB89EC00ACACBF /* BaseViewModel.swift */; };
		63517CE81DAB8B2700ACACBF /* BaseAnchorViewController.swift in Sources */ = {isa = PBXBuildFile; fileRef = 63517CE71DAB8B2700ACACBF /* BaseAnchorViewController.swift */; };
		63744BED1D8F7FA600BF4B96 /* RecommendViewModel.swift in Sources */ = {isa = PBXBuildFile; fileRef = 63744BEC1D8F7FA600BF4B96 /* RecommendViewModel.swift */; };
		63744BF11D8F862C00BF4B96 /* AnchorGroup.swift in Sources */ = {isa = PBXBuildFile; fileRef = 63744BF01D8F862C00BF4B96 /* AnchorGroup.swift */; };
		63744BF31D8F875B00BF4B96 /* AnchorModel.swift in Sources */ = {isa = PBXBuildFile; fileRef = 63744BF21D8F875B00BF4B96 /* AnchorModel.swift */; };
		63744BF51D8FC37600BF4B96 /* CollectionBaseCell.swift in Sources */ = {isa = PBXBuildFile; fileRef = 63744BF41D8FC37600BF4B96 /* CollectionBaseCell.swift */; };
		63774CAA1D86598500DCC727 /* AppDelegate.swift in Sources */ = {isa = PBXBuildFile; fileRef = 63774CA91D86598500DCC727 /* AppDelegate.swift */; };
		63774CAF1D86598500DCC727 /* Main.storyboard in Resources */ = {isa = PBXBuildFile; fileRef = 63774CAD1D86598500DCC727 /* Main.storyboard */; };
		63774CB11D86598500DCC727 /* Assets.xcassets in Resources */ = {isa = PBXBuildFile; fileRef = 63774CB01D86598500DCC727 /* Assets.xcassets */; };
		63774CB41D86598500DCC727 /* LaunchScreen.storyboard in Resources */ = {isa = PBXBuildFile; fileRef = 63774CB21D86598500DCC727 /* LaunchScreen.storyboard */; };
		638C60E31DA8E91700A370F1 /* GameViewController.swift in Sources */ = {isa = PBXBuildFile; fileRef = 638C60E21DA8E91700A370F1 /* GameViewController.swift */; };
		638C60E51DA8ECC100A370F1 /* GameViewModel.swift in Sources */ = {isa = PBXBuildFile; fileRef = 638C60E41DA8ECC100A370F1 /* GameViewModel.swift */; };
		638C60E71DA8EDD000A370F1 /* GameModel.swift in Sources */ = {isa = PBXBuildFile; fileRef = 638C60E61DA8EDD000A370F1 /* GameModel.swift */; };
		638C60E91DA8EEA200A370F1 /* BaseGameModel.swift in Sources */ = {isa = PBXBuildFile; fileRef = 638C60E81DA8EEA200A370F1 /* BaseGameModel.swift */; };
		63A977391DAC744D00DB9157 /* AmuseMenuView.swift in Sources */ = {isa = PBXBuildFile; fileRef = 63A977381DAC744D00DB9157 /* AmuseMenuView.swift */; };
		63A9773B1DAC746200DB9157 /* AmuseMenuView.xib in Resources */ = {isa = PBXBuildFile; fileRef = 63A9773A1DAC746200DB9157 /* AmuseMenuView.xib */; };
		63A9773E1DAC788300DB9157 /* AmuseMenuViewCell.swift in Sources */ = {isa = PBXBuildFile; fileRef = 63A9773C1DAC788300DB9157 /* AmuseMenuViewCell.swift */; };
		63A9773F1DAC788300DB9157 /* AmuseMenuViewCell.xib in Resources */ = {isa = PBXBuildFile; fileRef = 63A9773D1DAC788300DB9157 /* AmuseMenuViewCell.xib */; };
		63F571C61D88D8DF002761B7 /* MainViewController.swift in Sources */ = {isa = PBXBuildFile; fileRef = 63F571C31D88D8DF002761B7 /* MainViewController.swift */; };
		63F571C81D88D917002761B7 /* HomeViewController.swift in Sources */ = {isa = PBXBuildFile; fileRef = 63F571C71D88D917002761B7 /* HomeViewController.swift */; };
		63F571CD1D88E9D2002761B7 /* PageTitleView.swift in Sources */ = {isa = PBXBuildFile; fileRef = 63F571CC1D88E9D2002761B7 /* PageTitleView.swift */; };
		63F571D11D88F249002761B7 /* PageContentView.swift in Sources */ = {isa = PBXBuildFile; fileRef = 63F571D01D88F249002761B7 /* PageContentView.swift */; };
		77092AA524094534009D82AD /* ProgressImageView.swift in Sources */ = {isa = PBXBuildFile; fileRef = 77092AA424094534009D82AD /* ProgressImageView.swift */; };
		770BF40C23A4E09E0053FAA2 /* BasisLearning.swift in Sources */ = {isa = PBXBuildFile; fileRef = 770BF40B23A4E09E0053FAA2 /* BasisLearning.swift */; };
		771A31A923CF32DB003C784B /* WBHomeViewController.swift in Sources */ = {isa = PBXBuildFile; fileRef = 771A31A823CF32DB003C784B /* WBHomeViewController.swift */; };
		771A31AB23CF3317003C784B /* WBDiscoverViewController.swift in Sources */ = {isa = PBXBuildFile; fileRef = 771A31AA23CF3317003C784B /* WBDiscoverViewController.swift */; };
		771A31AD23CF3323003C784B /* WBProfileViewController.swift in Sources */ = {isa = PBXBuildFile; fileRef = 771A31AC23CF3323003C784B /* WBProfileViewController.swift */; };
		771A31AF23CF3330003C784B /* WeiBoMainViewController.swift in Sources */ = {isa = PBXBuildFile; fileRef = 771A31AE23CF3330003C784B /* WeiBoMainViewController.swift */; };
		771A31B223CF47CA003C784B /* MessageTableViewController.swift in Sources */ = {isa = PBXBuildFile; fileRef = 771A31B123CF47CA003C784B /* MessageTableViewController.swift */; };
		771A31B523CF63DA003C784B /* UIButton+Extension.swift in Sources */ = {isa = PBXBuildFile; fileRef = 771A31B423CF63DA003C784B /* UIButton+Extension.swift */; };
		771A31B823CF6CE5003C784B /* VisitorTableViewController.swift in Sources */ = {isa = PBXBuildFile; fileRef = 771A31B723CF6CE5003C784B /* VisitorTableViewController.swift */; };
		771BC1CD23D31295006A2AF3 /* OAuthViewController.swift in Sources */ = {isa = PBXBuildFile; fileRef = 771BC1CC23D31295006A2AF3 /* OAuthViewController.swift */; };
		771BC1CF23D343C4006A2AF3 /* UserAccount.swift in Sources */ = {isa = PBXBuildFile; fileRef = 771BC1CE23D343C4006A2AF3 /* UserAccount.swift */; };
		77214FF0242CE76C00E9E0A1 /* SeniorLearning.swift in Sources */ = {isa = PBXBuildFile; fileRef = 77214FEF242CE76C00E9E0A1 /* SeniorLearning.swift */; };
		772A804A23E982C90058AA34 /* WBRefreshControl.swift in Sources */ = {isa = PBXBuildFile; fileRef = 772A804923E982C90058AA34 /* WBRefreshControl.swift */; };
		772A804C23E9867B0058AA34 /* WBRefreshView.xib in Resources */ = {isa = PBXBuildFile; fileRef = 772A804B23E9867B0058AA34 /* WBRefreshView.xib */; };
		77306F2E23D1F93C0041A5AE /* UILabel+Extension.swift in Sources */ = {isa = PBXBuildFile; fileRef = 77306F2D23D1F93C0041A5AE /* UILabel+Extension.swift */; };
		77306F3023D1FBDE0041A5AE /* UIImageView+Extension.swift in Sources */ = {isa = PBXBuildFile; fileRef = 77306F2F23D1FBDD0041A5AE /* UIImageView+Extension.swift */; };
		77306F3623D20FAD0041A5AE /* DisatchQueue+Extension.swift in Sources */ = {isa = PBXBuildFile; fileRef = 77306F3523D20FAD0041A5AE /* DisatchQueue+Extension.swift */; };
		7732034D2405587F00330AE8 /* UIImage+Extension.swift in Sources */ = {isa = PBXBuildFile; fileRef = 7732034C2405587F00330AE8 /* UIImage+Extension.swift */; };
		7735BA29240A3568001CC97E /* Toast+Extension.swift in Sources */ = {isa = PBXBuildFile; fileRef = 7735BA28240A3568001CC97E /* Toast+Extension.swift */; };
		7735BA4E240A4DAE001CC97E /* UIColor+Extension.swift in Sources */ = {isa = PBXBuildFile; fileRef = 7735BA4D240A4DAE001CC97E /* UIColor+Extension.swift */; };
		7735BA50240A4DD1001CC97E /* NetworkTools.swift in Sources */ = {isa = PBXBuildFile; fileRef = 7735BA4F240A4DD1001CC97E /* NetworkTools.swift */; };
		7735BA52240A4DD9001CC97E /* Common.swift in Sources */ = {isa = PBXBuildFile; fileRef = 7735BA51240A4DD9001CC97E /* Common.swift */; };
		7735BA54240A58D4001CC97E /* PhotoBrowserAnimator.swift in Sources */ = {isa = PBXBuildFile; fileRef = 7735BA53240A58D4001CC97E /* PhotoBrowserAnimator.swift */; };
		773956E423E819ED005AF55E /* StatusRetweetedCell.swift in Sources */ = {isa = PBXBuildFile; fileRef = 773956E323E819ED005AF55E /* StatusRetweetedCell.swift */; };
		773956E623E84267005AF55E /* StatusNormalCell.swift in Sources */ = {isa = PBXBuildFile; fileRef = 773956E523E84267005AF55E /* StatusNormalCell.swift */; };
		773C0A1B23D48FAE00C05297 /* UserAccountViewModel.swift in Sources */ = {isa = PBXBuildFile; fileRef = 773C0A1A23D48FAE00C05297 /* UserAccountViewModel.swift */; };
		773C3A2023E6AF9B00112F40 /* StatusPictureView.swift in Sources */ = {isa = PBXBuildFile; fileRef = 773C3A1F23E6AF9B00112F40 /* StatusPictureView.swift */; };
		774DA1E923D5EED7003A2EF2 /* NewFeatureViewController.swift in Sources */ = {isa = PBXBuildFile; fileRef = 774DA1E823D5EED7003A2EF2 /* NewFeatureViewController.swift */; };
		7753597123E438F400F178F5 /* UIView+IndicatorView.swift in Sources */ = {isa = PBXBuildFile; fileRef = 7753597023E438F400F178F5 /* UIView+IndicatorView.swift */; };
		7753597323E4663000F178F5 /* Status.swift in Sources */ = {isa = PBXBuildFile; fileRef = 7753597223E4663000F178F5 /* Status.swift */; };
		7753597523E4757B00F178F5 /* StatusListViewModel.swift in Sources */ = {isa = PBXBuildFile; fileRef = 7753597423E4757B00F178F5 /* StatusListViewModel.swift */; };
		7757550E240BCA9C00972562 /* db.sql in Resources */ = {isa = PBXBuildFile; fileRef = 7757550D240BCA9C00972562 /* db.sql */; };
		77575510240BCCDA00972562 /* libsqlite3.tbd in Frameworks */ = {isa = PBXBuildFile; fileRef = 7757550F240BCCDA00972562 /* libsqlite3.tbd */; };
		77575513240BDF4B00972562 /* Dao.m in Sources */ = {isa = PBXBuildFile; fileRef = 77575512240BDF4B00972562 /* Dao.m */; };
		77575517240BE8D200972562 /* SQLiteManager.swift in Sources */ = {isa = PBXBuildFile; fileRef = 77575516240BE8D200972562 /* SQLiteManager.swift */; };
		7766448B23EFF6B9002BC384 /* EmoticonManager.swift in Sources */ = {isa = PBXBuildFile; fileRef = 7766448523EFF6B9002BC384 /* EmoticonManager.swift */; };
		7766448C23EFF6B9002BC384 /* EmoticonView.swift in Sources */ = {isa = PBXBuildFile; fileRef = 7766448623EFF6B9002BC384 /* EmoticonView.swift */; };
		7766448D23EFF6B9002BC384 /* Emoticons.bundle in Resources */ = {isa = PBXBuildFile; fileRef = 7766448723EFF6B9002BC384 /* Emoticons.bundle */; };
		7766448E23EFF6B9002BC384 /* Emoticon.swift in Sources */ = {isa = PBXBuildFile; fileRef = 7766448923EFF6B9002BC384 /* Emoticon.swift */; };
		7766448F23EFF6B9002BC384 /* EmoticonPackage.swift in Sources */ = {isa = PBXBuildFile; fileRef = 7766448A23EFF6B9002BC384 /* EmoticonPackage.swift */; };
		776F936323F2EE3300F2057D /* EmoticonAttachment.swift in Sources */ = {isa = PBXBuildFile; fileRef = 776F936223F2EE3300F2057D /* EmoticonAttachment.swift */; };
		776F936523F2FC6200F2057D /* UITextView+Emoticon.swift in Sources */ = {isa = PBXBuildFile; fileRef = 776F936423F2FC6200F2057D /* UITextView+Emoticon.swift */; };
		777179E52403C9A300CFD390 /* ComposeViewModel.swift in Sources */ = {isa = PBXBuildFile; fileRef = 777179E42403C9A300CFD390 /* ComposeViewModel.swift */; };
		777179EA2403F15D00CFD390 /* PicturePickerController.swift in Sources */ = {isa = PBXBuildFile; fileRef = 777179E92403F15D00CFD390 /* PicturePickerController.swift */; };
		7772BD2C23CCC29A006035AC /* Dao.storyboard in Resources */ = {isa = PBXBuildFile; fileRef = 7772BD2B23CCC29A006035AC /* Dao.storyboard */; };
		7772BD2E23CCC2CB006035AC /* DaoViewController.swift in Sources */ = {isa = PBXBuildFile; fileRef = 7772BD2D23CCC2CB006035AC /* DaoViewController.swift */; };
		77792267240FB82700E039DF /* FMDatabaseAdditionsVariadic.swift in Sources */ = {isa = PBXBuildFile; fileRef = 7779225A240FB82700E039DF /* FMDatabaseAdditionsVariadic.swift */; };
		77792268240FB82700E039DF /* FMDatabaseVariadic.swift in Sources */ = {isa = PBXBuildFile; fileRef = 7779225B240FB82700E039DF /* FMDatabaseVariadic.swift */; };
		77792269240FB82700E039DF /* FMDatabaseQueue.m in Sources */ = {isa = PBXBuildFile; fileRef = 7779225D240FB82700E039DF /* FMDatabaseQueue.m */; };
		7779226A240FB82700E039DF /* FMDatabaseAdditions.m in Sources */ = {isa = PBXBuildFile; fileRef = 77792260240FB82700E039DF /* FMDatabaseAdditions.m */; };
		7779226B240FB82700E039DF /* FMDatabase.m in Sources */ = {isa = PBXBuildFile; fileRef = 77792261240FB82700E039DF /* FMDatabase.m */; };
		7779226C240FB82700E039DF /* FMDatabasePool.m in Sources */ = {isa = PBXBuildFile; fileRef = 77792265240FB82700E039DF /* FMDatabasePool.m */; };
		7779226D240FB82700E039DF /* FMResultSet.m in Sources */ = {isa = PBXBuildFile; fileRef = 77792266240FB82700E039DF /* FMResultSet.m */; };
		777A6A6023BCAB7B00D8229B /* KThread.swift in Sources */ = {isa = PBXBuildFile; fileRef = 777A6A5F23BCAB7B00D8229B /* KThread.swift */; };
		77A3E3032407CB4600D41E2F /* PhotoBrowserViewController.swift in Sources */ = {isa = PBXBuildFile; fileRef = 77A3E3022407CB4600D41E2F /* PhotoBrowserViewController.swift */; };
		77A3E3072407ECE500D41E2F /* PhotoBrowserCell.swift in Sources */ = {isa = PBXBuildFile; fileRef = 77A3E3062407ECE500D41E2F /* PhotoBrowserCell.swift */; };
		77A8C00623CB5EC10039970F /* DataBaseAPI.swift in Sources */ = {isa = PBXBuildFile; fileRef = 77A8C00523CB5EC10039970F /* DataBaseAPI.swift */; };
		77B15ADE240E329700791815 /* FMDBManager.swift in Sources */ = {isa = PBXBuildFile; fileRef = 77B15ADD240E329700791815 /* FMDBManager.swift */; };
		77B8D4B72414C578003157EA /* HomeWebViewControler.swift in Sources */ = {isa = PBXBuildFile; fileRef = 77B8D4B62414C578003157EA /* HomeWebViewControler.swift */; };
		77C413CA23E56E7C008EE41D /* User.swift in Sources */ = {isa = PBXBuildFile; fileRef = 77C413C923E56E7C008EE41D /* User.swift */; };
		77C413CC23E58FC8008EE41D /* StatusViewModel.swift in Sources */ = {isa = PBXBuildFile; fileRef = 77C413CB23E58FC8008EE41D /* StatusViewModel.swift */; };
		77C413CF23E5A2EB008EE41D /* StatusCell.swift in Sources */ = {isa = PBXBuildFile; fileRef = 77C413CE23E5A2EB008EE41D /* StatusCell.swift */; };
		77C413D123E5A344008EE41D /* StatusCellTopView.swift in Sources */ = {isa = PBXBuildFile; fileRef = 77C413D023E5A344008EE41D /* StatusCellTopView.swift */; };
		77C413D323E5A35F008EE41D /* StatusCellBottomView.swift in Sources */ = {isa = PBXBuildFile; fileRef = 77C413D223E5A35F008EE41D /* StatusCellBottomView.swift */; };
		77D036242413DA5F001B230F /* Date+Extension.swift in Sources */ = {isa = PBXBuildFile; fileRef = 77D036232413DA5F001B230F /* Date+Extension.swift */; };
		77D036262413E6A8001B230F /* String+Regex.swift in Sources */ = {isa = PBXBuildFile; fileRef = 77D036252413E6A8001B230F /* String+Regex.swift */; };
		77D8F14023EEDF7700935B2D /* String+Emoji.swift in Sources */ = {isa = PBXBuildFile; fileRef = 77D8F13F23EEDF7700935B2D /* String+Emoji.swift */; };
		77D964D423E2FF2500964BC3 /* WelcomeViewController.swift in Sources */ = {isa = PBXBuildFile; fileRef = 77D964D323E2FF2500964BC3 /* WelcomeViewController.swift */; };
		77DBD5DD23A7BBBE005C6DB3 /* NewsModel.swift in Sources */ = {isa = PBXBuildFile; fileRef = 77DBD5DC23A7BBBE005C6DB3 /* NewsModel.swift */; };
		77E3315923A6467800E3416D /* HttpTools.swift in Sources */ = {isa = PBXBuildFile; fileRef = 77E3315823A6467800E3416D /* HttpTools.swift */; };
		77ED1AAA241107D100758C55 /* StatusDAL.swift in Sources */ = {isa = PBXBuildFile; fileRef = 77ED1AA9241107D100758C55 /* StatusDAL.swift */; };
		77EDE5DB23D0A16700C33036 /* VisitorView.swift in Sources */ = {isa = PBXBuildFile; fileRef = 77EDE5DA23D0A16700C33036 /* VisitorView.swift */; };
		77F489A424022748006D04DB /* ComposeViewController.swift in Sources */ = {isa = PBXBuildFile; fileRef = 77F489A324022748006D04DB /* ComposeViewController.swift */; };
		77F489A8240244B1006D04DB /* UIBarButtonItem+Extension.swift in Sources */ = {isa = PBXBuildFile; fileRef = 77F489A7240244B1006D04DB /* UIBarButtonItem+Extension.swift */; };
		77F670DE242F1DC600CFF4A1 /* Home.storyboard in Resources */ = {isa = PBXBuildFile; fileRef = 77F670D6242F1DC500CFF4A1 /* Home.storyboard */; };
		77F670DF242F1DC600CFF4A1 /* Profile.storyboard in Resources */ = {isa = PBXBuildFile; fileRef = 77F670D8242F1DC500CFF4A1 /* Profile.storyboard */; };
		77F670E0242F1DC600CFF4A1 /* Live.storyboard in Resources */ = {isa = PBXBuildFile; fileRef = 77F670DA242F1DC500CFF4A1 /* Live.storyboard */; };
		77F670E1242F1DC600CFF4A1 /* Follow.storyboard in Resources */ = {isa = PBXBuildFile; fileRef = 77F670DC242F1DC600CFF4A1 /* Follow.storyboard */; };
		F098FD8D4E4E6AA1645261FF /* Pods_DW_iOS.framework in Frameworks */ = {isa = PBXBuildFile; fileRef = 70BBD3C57BC4974AD56EEE4C /* Pods_DW_iOS.framework */; };
/* End PBXBuildFile section */

/* Begin PBXCopyFilesBuildPhase section */
		778A6BB723CF0413005D5AAD /* Embed Frameworks */ = {
			isa = PBXCopyFilesBuildPhase;
			buildActionMask = 2147483647;
			dstPath = "";
			dstSubfolderSpec = 10;
			files = (
			);
			name = "Embed Frameworks";
			runOnlyForDeploymentPostprocessing = 0;
		};
/* End PBXCopyFilesBuildPhase section */

/* Begin PBXFileReference section */
		4BABF964E5DAEA7F29B631FB /* Pods-DW_iOS.debug.xcconfig */ = {isa = PBXFileReference; includeInIndex = 1; lastKnownFileType = text.xcconfig; name = "Pods-DW_iOS.debug.xcconfig"; path = "Pods/Target Support Files/Pods-DW_iOS/Pods-DW_iOS.debug.xcconfig"; sourceTree = "<group>"; };
		632FCEA11D8E6CCB00C9F8D6 /* RecommendViewController.swift */ = {isa = PBXFileReference; fileEncoding = 4; lastKnownFileType = sourcecode.swift; path = RecommendViewController.swift; sourceTree = "<group>"; };
		632FCEA31D8E751000C9F8D6 /* CollectionHeaderView.swift */ = {isa = PBXFileReference; fileEncoding = 4; lastKnownFileType = sourcecode.swift; path = CollectionHeaderView.swift; sourceTree = "<group>"; };
		632FCEA41D8E751000C9F8D6 /* CollectionHeaderView.xib */ = {isa = PBXFileReference; fileEncoding = 4; lastKnownFileType = file.xib; path = CollectionHeaderView.xib; sourceTree = "<group>"; };
		632FCEA71D8E779600C9F8D6 /* CollectionNormalCell.swift */ = {isa = PBXFileReference; fileEncoding = 4; lastKnownFileType = sourcecode.swift; path = CollectionNormalCell.swift; sourceTree = "<group>"; };
		632FCEA81D8E779600C9F8D6 /* CollectionNormalCell.xib */ = {isa = PBXFileReference; fileEncoding = 4; lastKnownFileType = file.xib; path = CollectionNormalCell.xib; sourceTree = "<group>"; };
		632FCEAB1D8E7CF400C9F8D6 /* CollectionPrettyCell.swift */ = {isa = PBXFileReference; fileEncoding = 4; lastKnownFileType = sourcecode.swift; path = CollectionPrettyCell.swift; sourceTree = "<group>"; };
		632FCEAC1D8E7CF400C9F8D6 /* CollectionPrettyCell.xib */ = {isa = PBXFileReference; fileEncoding = 4; lastKnownFileType = file.xib; path = CollectionPrettyCell.xib; sourceTree = "<group>"; };
		632FDC581D92179E00B6C536 /* RecommendCycleView.swift */ = {isa = PBXFileReference; fileEncoding = 4; lastKnownFileType = sourcecode.swift; path = RecommendCycleView.swift; sourceTree = "<group>"; };
		632FDC5A1D9217B500B6C536 /* RecommendCycleView.xib */ = {isa = PBXFileReference; fileEncoding = 4; lastKnownFileType = file.xib; path = RecommendCycleView.xib; sourceTree = "<group>"; };
		632FDC5C1D921F7800B6C536 /* CycleModel.swift */ = {isa = PBXFileReference; fileEncoding = 4; lastKnownFileType = sourcecode.swift; path = CycleModel.swift; sourceTree = "<group>"; };
		632FDC5E1D92228000B6C536 /* CollectionCycleCell.swift */ = {isa = PBXFileReference; fileEncoding = 4; lastKnownFileType = sourcecode.swift; path = CollectionCycleCell.swift; sourceTree = "<group>"; };
		632FDC5F1D92228000B6C536 /* CollectionCycleCell.xib */ = {isa = PBXFileReference; fileEncoding = 4; lastKnownFileType = file.xib; path = CollectionCycleCell.xib; sourceTree = "<group>"; };
		632FDC621D922CF000B6C536 /* RecommendGameView.swift */ = {isa = PBXFileReference; fileEncoding = 4; lastKnownFileType = sourcecode.swift; path = RecommendGameView.swift; sourceTree = "<group>"; };
		632FDC641D922CFC00B6C536 /* RecommendGameView.xib */ = {isa = PBXFileReference; fileEncoding = 4; lastKnownFileType = file.xib; path = RecommendGameView.xib; sourceTree = "<group>"; };
		632FDC661D9230FC00B6C536 /* CollectionGameCell.swift */ = {isa = PBXFileReference; fileEncoding = 4; lastKnownFileType = sourcecode.swift; path = CollectionGameCell.swift; sourceTree = "<group>"; };
		632FDC671D9230FC00B6C536 /* CollectionGameCell.xib */ = {isa = PBXFileReference; fileEncoding = 4; lastKnownFileType = file.xib; path = CollectionGameCell.xib; sourceTree = "<group>"; };
		6332FCF21DB0659F002F1054 /* FunnyViewController.swift */ = {isa = PBXFileReference; fileEncoding = 4; lastKnownFileType = sourcecode.swift; path = FunnyViewController.swift; sourceTree = "<group>"; };
		6332FCF41DB0698A002F1054 /* FunnyViewModel.swift */ = {isa = PBXFileReference; fileEncoding = 4; lastKnownFileType = sourcecode.swift; path = FunnyViewModel.swift; sourceTree = "<group>"; };
		6332FCF61DB07009002F1054 /* BaseViewController.swift */ = {isa = PBXFileReference; fileEncoding = 4; lastKnownFileType = sourcecode.swift; path = BaseViewController.swift; sourceTree = "<group>"; };
		6332FCFC1DB07C0C002F1054 /* RoomShowViewController.swift */ = {isa = PBXFileReference; fileEncoding = 4; lastKnownFileType = sourcecode.swift; path = RoomShowViewController.swift; sourceTree = "<group>"; };
		6332FCFE1DB07C29002F1054 /* RoomNormalViewController.swift */ = {isa = PBXFileReference; fileEncoding = 4; lastKnownFileType = sourcecode.swift; path = RoomNormalViewController.swift; sourceTree = "<group>"; };
		6332FD001DB07FA0002F1054 /* CustomNavigationController.swift */ = {isa = PBXFileReference; fileEncoding = 4; lastKnownFileType = sourcecode.swift; path = CustomNavigationController.swift; sourceTree = "<group>"; };
		63517CE01DAB82CE00ACACBF /* AmuseViewController.swift */ = {isa = PBXFileReference; fileEncoding = 4; lastKnownFileType = sourcecode.swift; path = AmuseViewController.swift; sourceTree = "<group>"; };
		63517CE21DAB853600ACACBF /* AmuseViewModel.swift */ = {isa = PBXFileReference; fileEncoding = 4; lastKnownFileType = sourcecode.swift; path = AmuseViewModel.swift; sourceTree = "<group>"; };
		63517CE51DAB89EC00ACACBF /* BaseViewModel.swift */ = {isa = PBXFileReference; fileEncoding = 4; lastKnownFileType = sourcecode.swift; path = BaseViewModel.swift; sourceTree = "<group>"; };
		63517CE71DAB8B2700ACACBF /* BaseAnchorViewController.swift */ = {isa = PBXFileReference; fileEncoding = 4; lastKnownFileType = sourcecode.swift; path = BaseAnchorViewController.swift; sourceTree = "<group>"; };
		63744BEC1D8F7FA600BF4B96 /* RecommendViewModel.swift */ = {isa = PBXFileReference; fileEncoding = 4; lastKnownFileType = sourcecode.swift; path = RecommendViewModel.swift; sourceTree = "<group>"; };
		63744BF01D8F862C00BF4B96 /* AnchorGroup.swift */ = {isa = PBXFileReference; fileEncoding = 4; lastKnownFileType = sourcecode.swift; path = AnchorGroup.swift; sourceTree = "<group>"; };
		63744BF21D8F875B00BF4B96 /* AnchorModel.swift */ = {isa = PBXFileReference; fileEncoding = 4; lastKnownFileType = sourcecode.swift; path = AnchorModel.swift; sourceTree = "<group>"; };
		63744BF41D8FC37600BF4B96 /* CollectionBaseCell.swift */ = {isa = PBXFileReference; fileEncoding = 4; lastKnownFileType = sourcecode.swift; path = CollectionBaseCell.swift; sourceTree = "<group>"; };
		63774CA61D86598500DCC727 /* DW_iOS.app */ = {isa = PBXFileReference; explicitFileType = wrapper.application; includeInIndex = 0; path = DW_iOS.app; sourceTree = BUILT_PRODUCTS_DIR; };
		63774CA91D86598500DCC727 /* AppDelegate.swift */ = {isa = PBXFileReference; lastKnownFileType = sourcecode.swift; path = AppDelegate.swift; sourceTree = "<group>"; };
		63774CAE1D86598500DCC727 /* Base */ = {isa = PBXFileReference; lastKnownFileType = file.storyboard; name = Base; path = Base.lproj/Main.storyboard; sourceTree = "<group>"; };
		63774CB01D86598500DCC727 /* Assets.xcassets */ = {isa = PBXFileReference; lastKnownFileType = folder.assetcatalog; path = Assets.xcassets; sourceTree = "<group>"; };
		63774CB31D86598500DCC727 /* Base */ = {isa = PBXFileReference; lastKnownFileType = file.storyboard; name = Base; path = Base.lproj/LaunchScreen.storyboard; sourceTree = "<group>"; };
		638C60E21DA8E91700A370F1 /* GameViewController.swift */ = {isa = PBXFileReference; fileEncoding = 4; lastKnownFileType = sourcecode.swift; path = GameViewController.swift; sourceTree = "<group>"; };
		638C60E41DA8ECC100A370F1 /* GameViewModel.swift */ = {isa = PBXFileReference; fileEncoding = 4; lastKnownFileType = sourcecode.swift; path = GameViewModel.swift; sourceTree = "<group>"; };
		638C60E61DA8EDD000A370F1 /* GameModel.swift */ = {isa = PBXFileReference; fileEncoding = 4; lastKnownFileType = sourcecode.swift; path = GameModel.swift; sourceTree = "<group>"; };
		638C60E81DA8EEA200A370F1 /* BaseGameModel.swift */ = {isa = PBXFileReference; fileEncoding = 4; lastKnownFileType = sourcecode.swift; path = BaseGameModel.swift; sourceTree = "<group>"; };
		63A977381DAC744D00DB9157 /* AmuseMenuView.swift */ = {isa = PBXFileReference; fileEncoding = 4; lastKnownFileType = sourcecode.swift; path = AmuseMenuView.swift; sourceTree = "<group>"; };
		63A9773A1DAC746200DB9157 /* AmuseMenuView.xib */ = {isa = PBXFileReference; fileEncoding = 4; lastKnownFileType = file.xib; path = AmuseMenuView.xib; sourceTree = "<group>"; };
		63A9773C1DAC788300DB9157 /* AmuseMenuViewCell.swift */ = {isa = PBXFileReference; fileEncoding = 4; lastKnownFileType = sourcecode.swift; path = AmuseMenuViewCell.swift; sourceTree = "<group>"; };
		63A9773D1DAC788300DB9157 /* AmuseMenuViewCell.xib */ = {isa = PBXFileReference; fileEncoding = 4; lastKnownFileType = file.xib; path = AmuseMenuViewCell.xib; sourceTree = "<group>"; };
		63F571C31D88D8DF002761B7 /* MainViewController.swift */ = {isa = PBXFileReference; fileEncoding = 4; lastKnownFileType = sourcecode.swift; path = MainViewController.swift; sourceTree = "<group>"; };
		63F571C71D88D917002761B7 /* HomeViewController.swift */ = {isa = PBXFileReference; fileEncoding = 4; lastKnownFileType = sourcecode.swift; path = HomeViewController.swift; sourceTree = "<group>"; };
		63F571CC1D88E9D2002761B7 /* PageTitleView.swift */ = {isa = PBXFileReference; fileEncoding = 4; lastKnownFileType = sourcecode.swift; path = PageTitleView.swift; sourceTree = "<group>"; };
		63F571D01D88F249002761B7 /* PageContentView.swift */ = {isa = PBXFileReference; fileEncoding = 4; lastKnownFileType = sourcecode.swift; path = PageContentView.swift; sourceTree = "<group>"; };
		678BB79C5E664F5183D33499 /* Pods-DW_iOS.release.xcconfig */ = {isa = PBXFileReference; includeInIndex = 1; lastKnownFileType = text.xcconfig; name = "Pods-DW_iOS.release.xcconfig"; path = "Pods/Target Support Files/Pods-DW_iOS/Pods-DW_iOS.release.xcconfig"; sourceTree = "<group>"; };
		70BBD3C57BC4974AD56EEE4C /* Pods_DW_iOS.framework */ = {isa = PBXFileReference; explicitFileType = wrapper.framework; includeInIndex = 0; path = Pods_DW_iOS.framework; sourceTree = BUILT_PRODUCTS_DIR; };
		77092AA424094534009D82AD /* ProgressImageView.swift */ = {isa = PBXFileReference; lastKnownFileType = sourcecode.swift; path = ProgressImageView.swift; sourceTree = "<group>"; };
		770BF40B23A4E09E0053FAA2 /* BasisLearning.swift */ = {isa = PBXFileReference; lastKnownFileType = sourcecode.swift; path = BasisLearning.swift; sourceTree = "<group>"; };
		771A31A823CF32DB003C784B /* WBHomeViewController.swift */ = {isa = PBXFileReference; lastKnownFileType = sourcecode.swift; path = WBHomeViewController.swift; sourceTree = "<group>"; };
		771A31AA23CF3317003C784B /* WBDiscoverViewController.swift */ = {isa = PBXFileReference; lastKnownFileType = sourcecode.swift; path = WBDiscoverViewController.swift; sourceTree = "<group>"; };
		771A31AC23CF3323003C784B /* WBProfileViewController.swift */ = {isa = PBXFileReference; lastKnownFileType = sourcecode.swift; path = WBProfileViewController.swift; sourceTree = "<group>"; };
		771A31AE23CF3330003C784B /* WeiBoMainViewController.swift */ = {isa = PBXFileReference; lastKnownFileType = sourcecode.swift; path = WeiBoMainViewController.swift; sourceTree = "<group>"; };
		771A31B123CF47CA003C784B /* MessageTableViewController.swift */ = {isa = PBXFileReference; lastKnownFileType = sourcecode.swift; path = MessageTableViewController.swift; sourceTree = "<group>"; };
		771A31B423CF63DA003C784B /* UIButton+Extension.swift */ = {isa = PBXFileReference; lastKnownFileType = sourcecode.swift; path = "UIButton+Extension.swift"; sourceTree = "<group>"; };
		771A31B723CF6CE5003C784B /* VisitorTableViewController.swift */ = {isa = PBXFileReference; lastKnownFileType = sourcecode.swift; path = VisitorTableViewController.swift; sourceTree = "<group>"; };
		771BC1CC23D31295006A2AF3 /* OAuthViewController.swift */ = {isa = PBXFileReference; lastKnownFileType = sourcecode.swift; path = OAuthViewController.swift; sourceTree = "<group>"; };
		771BC1CE23D343C4006A2AF3 /* UserAccount.swift */ = {isa = PBXFileReference; lastKnownFileType = sourcecode.swift; path = UserAccount.swift; sourceTree = "<group>"; };
		77214FEF242CE76C00E9E0A1 /* SeniorLearning.swift */ = {isa = PBXFileReference; lastKnownFileType = sourcecode.swift; path = SeniorLearning.swift; sourceTree = "<group>"; };
		772A804923E982C90058AA34 /* WBRefreshControl.swift */ = {isa = PBXFileReference; lastKnownFileType = sourcecode.swift; path = WBRefreshControl.swift; sourceTree = "<group>"; };
		772A804B23E9867B0058AA34 /* WBRefreshView.xib */ = {isa = PBXFileReference; lastKnownFileType = file.xib; path = WBRefreshView.xib; sourceTree = "<group>"; };
		77306F2D23D1F93C0041A5AE /* UILabel+Extension.swift */ = {isa = PBXFileReference; lastKnownFileType = sourcecode.swift; path = "UILabel+Extension.swift"; sourceTree = "<group>"; };
		77306F2F23D1FBDD0041A5AE /* UIImageView+Extension.swift */ = {isa = PBXFileReference; lastKnownFileType = sourcecode.swift; path = "UIImageView+Extension.swift"; sourceTree = "<group>"; };
		77306F3523D20FAD0041A5AE /* DisatchQueue+Extension.swift */ = {isa = PBXFileReference; lastKnownFileType = sourcecode.swift; path = "DisatchQueue+Extension.swift"; sourceTree = "<group>"; };
		7732034C2405587F00330AE8 /* UIImage+Extension.swift */ = {isa = PBXFileReference; lastKnownFileType = sourcecode.swift; path = "UIImage+Extension.swift"; sourceTree = "<group>"; };
		7735BA28240A3568001CC97E /* Toast+Extension.swift */ = {isa = PBXFileReference; lastKnownFileType = sourcecode.swift; path = "Toast+Extension.swift"; sourceTree = "<group>"; };
		7735BA4D240A4DAE001CC97E /* UIColor+Extension.swift */ = {isa = PBXFileReference; fileEncoding = 4; lastKnownFileType = sourcecode.swift; path = "UIColor+Extension.swift"; sourceTree = "<group>"; };
		7735BA4F240A4DD1001CC97E /* NetworkTools.swift */ = {isa = PBXFileReference; fileEncoding = 4; lastKnownFileType = sourcecode.swift; path = NetworkTools.swift; sourceTree = "<group>"; };
		7735BA51240A4DD9001CC97E /* Common.swift */ = {isa = PBXFileReference; fileEncoding = 4; lastKnownFileType = sourcecode.swift; path = Common.swift; sourceTree = "<group>"; };
		7735BA53240A58D4001CC97E /* PhotoBrowserAnimator.swift */ = {isa = PBXFileReference; lastKnownFileType = sourcecode.swift; path = PhotoBrowserAnimator.swift; sourceTree = "<group>"; };
		773956E323E819ED005AF55E /* StatusRetweetedCell.swift */ = {isa = PBXFileReference; lastKnownFileType = sourcecode.swift; path = StatusRetweetedCell.swift; sourceTree = "<group>"; };
		773956E523E84267005AF55E /* StatusNormalCell.swift */ = {isa = PBXFileReference; lastKnownFileType = sourcecode.swift; path = StatusNormalCell.swift; sourceTree = "<group>"; };
		773C0A1A23D48FAE00C05297 /* UserAccountViewModel.swift */ = {isa = PBXFileReference; lastKnownFileType = sourcecode.swift; path = UserAccountViewModel.swift; sourceTree = "<group>"; };
		773C3A1F23E6AF9B00112F40 /* StatusPictureView.swift */ = {isa = PBXFileReference; lastKnownFileType = sourcecode.swift; path = StatusPictureView.swift; sourceTree = "<group>"; };
		774DA1E823D5EED7003A2EF2 /* NewFeatureViewController.swift */ = {isa = PBXFileReference; lastKnownFileType = sourcecode.swift; path = NewFeatureViewController.swift; sourceTree = "<group>"; };
		7753597023E438F400F178F5 /* UIView+IndicatorView.swift */ = {isa = PBXFileReference; lastKnownFileType = sourcecode.swift; path = "UIView+IndicatorView.swift"; sourceTree = "<group>"; };
		7753597223E4663000F178F5 /* Status.swift */ = {isa = PBXFileReference; lastKnownFileType = sourcecode.swift; path = Status.swift; sourceTree = "<group>"; };
		7753597423E4757B00F178F5 /* StatusListViewModel.swift */ = {isa = PBXFileReference; lastKnownFileType = sourcecode.swift; path = StatusListViewModel.swift; sourceTree = "<group>"; };
		7757550D240BCA9C00972562 /* db.sql */ = {isa = PBXFileReference; fileEncoding = 4; lastKnownFileType = text; path = db.sql; sourceTree = "<group>"; };
		7757550F240BCCDA00972562 /* libsqlite3.tbd */ = {isa = PBXFileReference; lastKnownFileType = "sourcecode.text-based-dylib-definition"; name = libsqlite3.tbd; path = usr/lib/libsqlite3.tbd; sourceTree = SDKROOT; };
		77575511240BDF4B00972562 /* Dao.h */ = {isa = PBXFileReference; lastKnownFileType = sourcecode.c.h; path = Dao.h; sourceTree = "<group>"; };
		77575512240BDF4B00972562 /* Dao.m */ = {isa = PBXFileReference; lastKnownFileType = sourcecode.c.objc; path = Dao.m; sourceTree = "<group>"; };
		77575514240BDF7A00972562 /* SQLite-Brideg.h */ = {isa = PBXFileReference; lastKnownFileType = sourcecode.c.h; path = "SQLite-Brideg.h"; sourceTree = "<group>"; };
		77575516240BE8D200972562 /* SQLiteManager.swift */ = {isa = PBXFileReference; lastKnownFileType = sourcecode.swift; path = SQLiteManager.swift; sourceTree = "<group>"; };
		7766448523EFF6B9002BC384 /* EmoticonManager.swift */ = {isa = PBXFileReference; fileEncoding = 4; lastKnownFileType = sourcecode.swift; path = EmoticonManager.swift; sourceTree = "<group>"; };
		7766448623EFF6B9002BC384 /* EmoticonView.swift */ = {isa = PBXFileReference; fileEncoding = 4; lastKnownFileType = sourcecode.swift; path = EmoticonView.swift; sourceTree = "<group>"; };
		7766448723EFF6B9002BC384 /* Emoticons.bundle */ = {isa = PBXFileReference; lastKnownFileType = "wrapper.plug-in"; path = Emoticons.bundle; sourceTree = "<group>"; };
		7766448923EFF6B9002BC384 /* Emoticon.swift */ = {isa = PBXFileReference; fileEncoding = 4; lastKnownFileType = sourcecode.swift; path = Emoticon.swift; sourceTree = "<group>"; };
		7766448A23EFF6B9002BC384 /* EmoticonPackage.swift */ = {isa = PBXFileReference; fileEncoding = 4; lastKnownFileType = sourcecode.swift; path = EmoticonPackage.swift; sourceTree = "<group>"; };
		776F936223F2EE3300F2057D /* EmoticonAttachment.swift */ = {isa = PBXFileReference; lastKnownFileType = sourcecode.swift; path = EmoticonAttachment.swift; sourceTree = "<group>"; };
		776F936423F2FC6200F2057D /* UITextView+Emoticon.swift */ = {isa = PBXFileReference; lastKnownFileType = sourcecode.swift; path = "UITextView+Emoticon.swift"; sourceTree = "<group>"; };
		777179E42403C9A300CFD390 /* ComposeViewModel.swift */ = {isa = PBXFileReference; fileEncoding = 4; lastKnownFileType = sourcecode.swift; path = ComposeViewModel.swift; sourceTree = "<group>"; };
		777179E92403F15D00CFD390 /* PicturePickerController.swift */ = {isa = PBXFileReference; lastKnownFileType = sourcecode.swift; path = PicturePickerController.swift; sourceTree = "<group>"; };
		7772BD2B23CCC29A006035AC /* Dao.storyboard */ = {isa = PBXFileReference; lastKnownFileType = file.storyboard; path = Dao.storyboard; sourceTree = "<group>"; };
		7772BD2D23CCC2CB006035AC /* DaoViewController.swift */ = {isa = PBXFileReference; lastKnownFileType = sourcecode.swift; path = DaoViewController.swift; sourceTree = "<group>"; };
		7779225A240FB82700E039DF /* FMDatabaseAdditionsVariadic.swift */ = {isa = PBXFileReference; fileEncoding = 4; lastKnownFileType = sourcecode.swift; path = FMDatabaseAdditionsVariadic.swift; sourceTree = "<group>"; };
		7779225B240FB82700E039DF /* FMDatabaseVariadic.swift */ = {isa = PBXFileReference; fileEncoding = 4; lastKnownFileType = sourcecode.swift; path = FMDatabaseVariadic.swift; sourceTree = "<group>"; };
		7779225C240FB82700E039DF /* FMDatabase.h */ = {isa = PBXFileReference; fileEncoding = 4; lastKnownFileType = sourcecode.c.h; path = FMDatabase.h; sourceTree = "<group>"; };
		7779225D240FB82700E039DF /* FMDatabaseQueue.m */ = {isa = PBXFileReference; fileEncoding = 4; lastKnownFileType = sourcecode.c.objc; path = FMDatabaseQueue.m; sourceTree = "<group>"; };
		7779225E240FB82700E039DF /* FMResultSet.h */ = {isa = PBXFileReference; fileEncoding = 4; lastKnownFileType = sourcecode.c.h; path = FMResultSet.h; sourceTree = "<group>"; };
		7779225F240FB82700E039DF /* FMDatabasePool.h */ = {isa = PBXFileReference; fileEncoding = 4; lastKnownFileType = sourcecode.c.h; path = FMDatabasePool.h; sourceTree = "<group>"; };
		77792260240FB82700E039DF /* FMDatabaseAdditions.m */ = {isa = PBXFileReference; fileEncoding = 4; lastKnownFileType = sourcecode.c.objc; path = FMDatabaseAdditions.m; sourceTree = "<group>"; };
		77792261240FB82700E039DF /* FMDatabase.m */ = {isa = PBXFileReference; fileEncoding = 4; lastKnownFileType = sourcecode.c.objc; path = FMDatabase.m; sourceTree = "<group>"; };
		77792262240FB82700E039DF /* FMDatabaseQueue.h */ = {isa = PBXFileReference; fileEncoding = 4; lastKnownFileType = sourcecode.c.h; path = FMDatabaseQueue.h; sourceTree = "<group>"; };
		77792263240FB82700E039DF /* FMDB.h */ = {isa = PBXFileReference; fileEncoding = 4; lastKnownFileType = sourcecode.c.h; path = FMDB.h; sourceTree = "<group>"; };
		77792264240FB82700E039DF /* FMDatabaseAdditions.h */ = {isa = PBXFileReference; fileEncoding = 4; lastKnownFileType = sourcecode.c.h; path = FMDatabaseAdditions.h; sourceTree = "<group>"; };
		77792265240FB82700E039DF /* FMDatabasePool.m */ = {isa = PBXFileReference; fileEncoding = 4; lastKnownFileType = sourcecode.c.objc; path = FMDatabasePool.m; sourceTree = "<group>"; };
		77792266240FB82700E039DF /* FMResultSet.m */ = {isa = PBXFileReference; fileEncoding = 4; lastKnownFileType = sourcecode.c.objc; path = FMResultSet.m; sourceTree = "<group>"; };
		777A6A5F23BCAB7B00D8229B /* KThread.swift */ = {isa = PBXFileReference; lastKnownFileType = sourcecode.swift; path = KThread.swift; sourceTree = "<group>"; };
		77A3E3022407CB4600D41E2F /* PhotoBrowserViewController.swift */ = {isa = PBXFileReference; lastKnownFileType = sourcecode.swift; path = PhotoBrowserViewController.swift; sourceTree = "<group>"; };
		77A3E3062407ECE500D41E2F /* PhotoBrowserCell.swift */ = {isa = PBXFileReference; lastKnownFileType = sourcecode.swift; path = PhotoBrowserCell.swift; sourceTree = "<group>"; };
		77A8C00523CB5EC10039970F /* DataBaseAPI.swift */ = {isa = PBXFileReference; lastKnownFileType = sourcecode.swift; path = DataBaseAPI.swift; sourceTree = "<group>"; };
		77B15ADD240E329700791815 /* FMDBManager.swift */ = {isa = PBXFileReference; lastKnownFileType = sourcecode.swift; path = FMDBManager.swift; sourceTree = "<group>"; };
		77B8D4B62414C578003157EA /* HomeWebViewControler.swift */ = {isa = PBXFileReference; lastKnownFileType = sourcecode.swift; path = HomeWebViewControler.swift; sourceTree = "<group>"; };
		77C413C923E56E7C008EE41D /* User.swift */ = {isa = PBXFileReference; lastKnownFileType = sourcecode.swift; path = User.swift; sourceTree = "<group>"; };
		77C413CB23E58FC8008EE41D /* StatusViewModel.swift */ = {isa = PBXFileReference; lastKnownFileType = sourcecode.swift; path = StatusViewModel.swift; sourceTree = "<group>"; };
		77C413CE23E5A2EB008EE41D /* StatusCell.swift */ = {isa = PBXFileReference; lastKnownFileType = sourcecode.swift; path = StatusCell.swift; sourceTree = "<group>"; };
		77C413D023E5A344008EE41D /* StatusCellTopView.swift */ = {isa = PBXFileReference; lastKnownFileType = sourcecode.swift; path = StatusCellTopView.swift; sourceTree = "<group>"; };
		77C413D223E5A35F008EE41D /* StatusCellBottomView.swift */ = {isa = PBXFileReference; lastKnownFileType = sourcecode.swift; path = StatusCellBottomView.swift; sourceTree = "<group>"; };
		77D036232413DA5F001B230F /* Date+Extension.swift */ = {isa = PBXFileReference; lastKnownFileType = sourcecode.swift; path = "Date+Extension.swift"; sourceTree = "<group>"; };
		77D036252413E6A8001B230F /* String+Regex.swift */ = {isa = PBXFileReference; lastKnownFileType = sourcecode.swift; path = "String+Regex.swift"; sourceTree = "<group>"; };
		77D8F13F23EEDF7700935B2D /* String+Emoji.swift */ = {isa = PBXFileReference; lastKnownFileType = sourcecode.swift; path = "String+Emoji.swift"; sourceTree = "<group>"; };
		77D964D323E2FF2500964BC3 /* WelcomeViewController.swift */ = {isa = PBXFileReference; lastKnownFileType = sourcecode.swift; path = WelcomeViewController.swift; sourceTree = "<group>"; };
		77DBD5DC23A7BBBE005C6DB3 /* NewsModel.swift */ = {isa = PBXFileReference; lastKnownFileType = sourcecode.swift; path = NewsModel.swift; sourceTree = "<group>"; };
		77E3315823A6467800E3416D /* HttpTools.swift */ = {isa = PBXFileReference; lastKnownFileType = sourcecode.swift; path = HttpTools.swift; sourceTree = "<group>"; };
		77ED1AA9241107D100758C55 /* StatusDAL.swift */ = {isa = PBXFileReference; lastKnownFileType = sourcecode.swift; path = StatusDAL.swift; sourceTree = "<group>"; };
		77EDE5DA23D0A16700C33036 /* VisitorView.swift */ = {isa = PBXFileReference; lastKnownFileType = sourcecode.swift; path = VisitorView.swift; sourceTree = "<group>"; };
		77F489A324022748006D04DB /* ComposeViewController.swift */ = {isa = PBXFileReference; lastKnownFileType = sourcecode.swift; path = ComposeViewController.swift; sourceTree = "<group>"; };
		77F489A7240244B1006D04DB /* UIBarButtonItem+Extension.swift */ = {isa = PBXFileReference; lastKnownFileType = sourcecode.swift; path = "UIBarButtonItem+Extension.swift"; sourceTree = "<group>"; };
		77F670D7242F1DC500CFF4A1 /* Base */ = {isa = PBXFileReference; lastKnownFileType = file.storyboard; name = Base; path = DW_iOS/Base.lproj/Home.storyboard; sourceTree = SOURCE_ROOT; };
		77F670D9242F1DC500CFF4A1 /* Base */ = {isa = PBXFileReference; lastKnownFileType = file.storyboard; name = Base; path = DW_iOS/Base.lproj/Profile.storyboard; sourceTree = SOURCE_ROOT; };
		77F670DB242F1DC500CFF4A1 /* Base */ = {isa = PBXFileReference; lastKnownFileType = file.storyboard; name = Base; path = DW_iOS/Base.lproj/Live.storyboard; sourceTree = SOURCE_ROOT; };
		77F670DD242F1DC600CFF4A1 /* Base */ = {isa = PBXFileReference; lastKnownFileType = file.storyboard; name = Base; path = DW_iOS/Base.lproj/Follow.storyboard; sourceTree = SOURCE_ROOT; };
		77F670E2242F1E3100CFF4A1 /* Info.plist */ = {isa = PBXFileReference; fileEncoding = 4; lastKnownFileType = text.plist.xml; path = Info.plist; sourceTree = "<group>"; };
/* End PBXFileReference section */

/* Begin PBXFrameworksBuildPhase section */
		63774CA31D86598500DCC727 /* Frameworks */ = {
			isa = PBXFrameworksBuildPhase;
			buildActionMask = 2147483647;
			files = (
				77575510240BCCDA00972562 /* libsqlite3.tbd in Frameworks */,
				F098FD8D4E4E6AA1645261FF /* Pods_DW_iOS.framework in Frameworks */,
			);
			runOnlyForDeploymentPostprocessing = 0;
		};
/* End PBXFrameworksBuildPhase section */

/* Begin PBXGroup section */
		632FCE9E1D8E6ACD00C9F8D6 /* Model */ = {
			isa = PBXGroup;
			children = (
				638C60E81DA8EEA200A370F1 /* BaseGameModel.swift */,
				63744BF01D8F862C00BF4B96 /* AnchorGroup.swift */,
				63744BF21D8F875B00BF4B96 /* AnchorModel.swift */,
				770BF40B23A4E09E0053FAA2 /* BasisLearning.swift */,
				77214FEF242CE76C00E9E0A1 /* SeniorLearning.swift */,
				77E3315823A6467800E3416D /* HttpTools.swift */,
				77DBD5DC23A7BBBE005C6DB3 /* NewsModel.swift */,
				777A6A5F23BCAB7B00D8229B /* KThread.swift */,
			);
			path = Model;
			sourceTree = "<group>";
		};
		632FCEA01D8E6AED00C9F8D6 /* View */ = {
			isa = PBXGroup;
			children = (
				632FCEA31D8E751000C9F8D6 /* CollectionHeaderView.swift */,
				632FCEA41D8E751000C9F8D6 /* CollectionHeaderView.xib */,
				632FDC581D92179E00B6C536 /* RecommendCycleView.swift */,
				632FDC5A1D9217B500B6C536 /* RecommendCycleView.xib */,
				632FDC5E1D92228000B6C536 /* CollectionCycleCell.swift */,
				632FDC5F1D92228000B6C536 /* CollectionCycleCell.xib */,
				632FDC621D922CF000B6C536 /* RecommendGameView.swift */,
				632FDC641D922CFC00B6C536 /* RecommendGameView.xib */,
				632FDC661D9230FC00B6C536 /* CollectionGameCell.swift */,
				632FDC671D9230FC00B6C536 /* CollectionGameCell.xib */,
				63A977381DAC744D00DB9157 /* AmuseMenuView.swift */,
				63A9773A1DAC746200DB9157 /* AmuseMenuView.xib */,
				63A9773C1DAC788300DB9157 /* AmuseMenuViewCell.swift */,
				63A9773D1DAC788300DB9157 /* AmuseMenuViewCell.xib */,
			);
			path = View;
			sourceTree = "<group>";
		};
		632FDC571D9210A000B6C536 /* Model */ = {
			isa = PBXGroup;
			children = (
				632FDC5C1D921F7800B6C536 /* CycleModel.swift */,
				638C60E61DA8EDD000A370F1 /* GameModel.swift */,
			);
			path = Model;
			sourceTree = "<group>";
		};
		6332FCF81DB07BE4002F1054 /* Room */ = {
			isa = PBXGroup;
			children = (
				6332FCFA1DB07BE4002F1054 /* Model */,
				6332FCFB1DB07BE4002F1054 /* View */,
				6332FCF91DB07BE4002F1054 /* Controller */,
			);
			path = Room;
			sourceTree = "<group>";
		};
		6332FCF91DB07BE4002F1054 /* Controller */ = {
			isa = PBXGroup;
			children = (
				6332FCFC1DB07C0C002F1054 /* RoomShowViewController.swift */,
				6332FCFE1DB07C29002F1054 /* RoomNormalViewController.swift */,
			);
			path = Controller;
			sourceTree = "<group>";
		};
		6332FCFA1DB07BE4002F1054 /* Model */ = {
			isa = PBXGroup;
			children = (
			);
			path = Model;
			sourceTree = "<group>";
		};
		6332FCFB1DB07BE4002F1054 /* View */ = {
			isa = PBXGroup;
			children = (
			);
			path = View;
			sourceTree = "<group>";
		};
		63517CE41DAB89D600ACACBF /* ViewModel */ = {
			isa = PBXGroup;
			children = (
				63517CE51DAB89EC00ACACBF /* BaseViewModel.swift */,
			);
			path = ViewModel;
			sourceTree = "<group>";
		};
		63744BEB1D8F7F8800BF4B96 /* ViewModel */ = {
			isa = PBXGroup;
			children = (
				63744BEC1D8F7FA600BF4B96 /* RecommendViewModel.swift */,
				638C60E41DA8ECC100A370F1 /* GameViewModel.swift */,
				63517CE21DAB853600ACACBF /* AmuseViewModel.swift */,
				6332FCF41DB0698A002F1054 /* FunnyViewModel.swift */,
			);
			path = ViewModel;
			sourceTree = "<group>";
		};
		63774C9D1D86598500DCC727 = {
			isa = PBXGroup;
			children = (
				771A319F23CF32B3003C784B /* Weibo */,
				63774CA81D86598500DCC727 /* DW_iOS */,
				63774CA71D86598500DCC727 /* Products */,
				7DBEE80F939F92D9A14C24EC /* Pods */,
				B10D64E00A2560EDBAF2139D /* Frameworks */,
			);
			sourceTree = "<group>";
		};
		63774CA71D86598500DCC727 /* Products */ = {
			isa = PBXGroup;
			children = (
				63774CA61D86598500DCC727 /* DW_iOS.app */,
			);
			name = Products;
			sourceTree = "<group>";
		};
		63774CA81D86598500DCC727 /* DW_iOS */ = {
			isa = PBXGroup;
			children = (
				63774CBB1D865C9E00DCC727 /* Classes */,
				63774CA91D86598500DCC727 /* AppDelegate.swift */,
				63774CB01D86598500DCC727 /* Assets.xcassets */,
				63774CB21D86598500DCC727 /* LaunchScreen.storyboard */,
				77F670E2242F1E3100CFF4A1 /* Info.plist */,
			);
			path = DW_iOS;
			sourceTree = "<group>";
		};
		63774CBB1D865C9E00DCC727 /* Classes */ = {
			isa = PBXGroup;
			children = (
				63774CBF1D865C9E00DCC727 /* Main */,
				6332FCF81DB07BE4002F1054 /* Room */,
				63774CBD1D865C9E00DCC727 /* Home */,
				63774CBE1D865C9E00DCC727 /* Live */,
				63774CBC1D865C9E00DCC727 /* Follow */,
				63774CC01D865C9E00DCC727 /* Profile */,
			);
			path = Classes;
			sourceTree = "<group>";
		};
		63774CBC1D865C9E00DCC727 /* Follow */ = {
			isa = PBXGroup;
			children = (
			);
			path = Follow;
			sourceTree = "<group>";
		};
		63774CBD1D865C9E00DCC727 /* Home */ = {
			isa = PBXGroup;
			children = (
				63744BEB1D8F7F8800BF4B96 /* ViewModel */,
				632FDC571D9210A000B6C536 /* Model */,
				632FCEA01D8E6AED00C9F8D6 /* View */,
				63F571BF1D88D893002761B7 /* Controller */,
			);
			path = Home;
			sourceTree = "<group>";
		};
		63774CBE1D865C9E00DCC727 /* Live */ = {
			isa = PBXGroup;
			children = (
			);
			path = Live;
			sourceTree = "<group>";
		};
		63774CBF1D865C9E00DCC727 /* Main */ = {
			isa = PBXGroup;
			children = (
				63517CE41DAB89D600ACACBF /* ViewModel */,
				632FCE9E1D8E6ACD00C9F8D6 /* Model */,
				63F571C51D88D8DF002761B7 /* View */,
				63F571C21D88D8DF002761B7 /* Controller */,
			);
			path = Main;
			sourceTree = "<group>";
		};
		63774CC01D865C9E00DCC727 /* Profile */ = {
			isa = PBXGroup;
			children = (
				77F670DC242F1DC600CFF4A1 /* Follow.storyboard */,
				77F670D6242F1DC500CFF4A1 /* Home.storyboard */,
				77F670DA242F1DC500CFF4A1 /* Live.storyboard */,
				77F670D8242F1DC500CFF4A1 /* Profile.storyboard */,
			);
			path = Profile;
			sourceTree = "<group>";
		};
		63F571BF1D88D893002761B7 /* Controller */ = {
			isa = PBXGroup;
			children = (
				63F571C71D88D917002761B7 /* HomeViewController.swift */,
				632FCEA11D8E6CCB00C9F8D6 /* RecommendViewController.swift */,
				638C60E21DA8E91700A370F1 /* GameViewController.swift */,
				63517CE01DAB82CE00ACACBF /* AmuseViewController.swift */,
				6332FCF21DB0659F002F1054 /* FunnyViewController.swift */,
			);
			path = Controller;
			sourceTree = "<group>";
		};
		63F571C21D88D8DF002761B7 /* Controller */ = {
			isa = PBXGroup;
			children = (
				7772BD2B23CCC29A006035AC /* Dao.storyboard */,
				63774CAD1D86598500DCC727 /* Main.storyboard */,
				63F571C31D88D8DF002761B7 /* MainViewController.swift */,
				6332FCF61DB07009002F1054 /* BaseViewController.swift */,
				63517CE71DAB8B2700ACACBF /* BaseAnchorViewController.swift */,
				6332FD001DB07FA0002F1054 /* CustomNavigationController.swift */,
				7772BD2D23CCC2CB006035AC /* DaoViewController.swift */,
			);
			path = Controller;
			sourceTree = "<group>";
		};
		63F571C51D88D8DF002761B7 /* View */ = {
			isa = PBXGroup;
			children = (
				63F571CC1D88E9D2002761B7 /* PageTitleView.swift */,
				63F571D01D88F249002761B7 /* PageContentView.swift */,
				632FCEA71D8E779600C9F8D6 /* CollectionNormalCell.swift */,
				632FCEA81D8E779600C9F8D6 /* CollectionNormalCell.xib */,
				632FCEAB1D8E7CF400C9F8D6 /* CollectionPrettyCell.swift */,
				632FCEAC1D8E7CF400C9F8D6 /* CollectionPrettyCell.xib */,
				63744BF41D8FC37600BF4B96 /* CollectionBaseCell.swift */,
			);
			path = View;
			sourceTree = "<group>";
		};
		771A319F23CF32B3003C784B /* Weibo */ = {
			isa = PBXGroup;
			children = (
				7757550C240BCA8A00972562 /* DiskStorage */,
				771A31A123CF32B3003C784B /* Tools */,
				771A31A023CF32B3003C784B /* ViewModel */,
				771A31A223CF32B3003C784B /* Model */,
				771A31A323CF32B3003C784B /* View */,
			);
			path = Weibo;
			sourceTree = "<group>";
		};
		771A31A023CF32B3003C784B /* ViewModel */ = {
			isa = PBXGroup;
			children = (
				77ED1AA9241107D100758C55 /* StatusDAL.swift */,
				777179E42403C9A300CFD390 /* ComposeViewModel.swift */,
				773C0A1A23D48FAE00C05297 /* UserAccountViewModel.swift */,
				7753597423E4757B00F178F5 /* StatusListViewModel.swift */,
				77C413CB23E58FC8008EE41D /* StatusViewModel.swift */,
			);
			path = ViewModel;
			sourceTree = "<group>";
		};
		771A31A123CF32B3003C784B /* Tools */ = {
			isa = PBXGroup;
			children = (
				7735BA51240A4DD9001CC97E /* Common.swift */,
				7735BA4F240A4DD1001CC97E /* NetworkTools.swift */,
				77A3E3012407CAE300D41E2F /* PhotoBrowser */,
				7766448323EFF6B9002BC384 /* Emoticon */,
				771A31B323CF63B5003C784B /* Extension */,
			);
			path = Tools;
			sourceTree = "<group>";
		};
		771A31A223CF32B3003C784B /* Model */ = {
			isa = PBXGroup;
			children = (
				771BC1CE23D343C4006A2AF3 /* UserAccount.swift */,
				7753597223E4663000F178F5 /* Status.swift */,
				77C413C923E56E7C008EE41D /* User.swift */,
			);
			path = Model;
			sourceTree = "<group>";
		};
		771A31A323CF32B3003C784B /* View */ = {
			isa = PBXGroup;
			children = (
				771A31A423CF32B3003C784B /* Home */,
				771A31A723CF32B3003C784B /* Main */,
				77F489A0240225D9006D04DB /* Compose */,
				771A31B023CF47B1003C784B /* Message */,
				771A31A523CF32B3003C784B /* Discover */,
				771A31A623CF32B3003C784B /* Profile */,
			);
			path = View;
			sourceTree = "<group>";
		};
		771A31A423CF32B3003C784B /* Home */ = {
			isa = PBXGroup;
			children = (
				772A804823E982780058AA34 /* RefreshView */,
				77C413CD23E592BB008EE41D /* Cells */,
				771A31A823CF32DB003C784B /* WBHomeViewController.swift */,
				77B8D4B62414C578003157EA /* HomeWebViewControler.swift */,
			);
			path = Home;
			sourceTree = "<group>";
		};
		771A31A523CF32B3003C784B /* Discover */ = {
			isa = PBXGroup;
			children = (
				771A31AA23CF3317003C784B /* WBDiscoverViewController.swift */,
			);
			path = Discover;
			sourceTree = "<group>";
		};
		771A31A623CF32B3003C784B /* Profile */ = {
			isa = PBXGroup;
			children = (
				771BC1CC23D31295006A2AF3 /* OAuthViewController.swift */,
				771A31AC23CF3323003C784B /* WBProfileViewController.swift */,
			);
			path = Profile;
			sourceTree = "<group>";
		};
		771A31A723CF32B3003C784B /* Main */ = {
			isa = PBXGroup;
			children = (
				774DA1E723D5EE7B003A2EF2 /* NewFeature */,
				771A31B623CF6CC1003C784B /* Visitor */,
				771A31AE23CF3330003C784B /* WeiBoMainViewController.swift */,
			);
			path = Main;
			sourceTree = "<group>";
		};
		771A31B023CF47B1003C784B /* Message */ = {
			isa = PBXGroup;
			children = (
				771A31B123CF47CA003C784B /* MessageTableViewController.swift */,
			);
			path = Message;
			sourceTree = "<group>";
		};
		771A31B323CF63B5003C784B /* Extension */ = {
			isa = PBXGroup;
			children = (
				7735BA4D240A4DAE001CC97E /* UIColor+Extension.swift */,
				771A31B423CF63DA003C784B /* UIButton+Extension.swift */,
				77306F2D23D1F93C0041A5AE /* UILabel+Extension.swift */,
				77306F2F23D1FBDD0041A5AE /* UIImageView+Extension.swift */,
				77306F3523D20FAD0041A5AE /* DisatchQueue+Extension.swift */,
				77F489A7240244B1006D04DB /* UIBarButtonItem+Extension.swift */,
				7753597023E438F400F178F5 /* UIView+IndicatorView.swift */,
				77D8F13F23EEDF7700935B2D /* String+Emoji.swift */,
				776F936423F2FC6200F2057D /* UITextView+Emoticon.swift */,
				7732034C2405587F00330AE8 /* UIImage+Extension.swift */,
				7735BA28240A3568001CC97E /* Toast+Extension.swift */,
				77D036232413DA5F001B230F /* Date+Extension.swift */,
				77D036252413E6A8001B230F /* String+Regex.swift */,
			);
			path = Extension;
			sourceTree = "<group>";
		};
		771A31B623CF6CC1003C784B /* Visitor */ = {
			isa = PBXGroup;
			children = (
				771A31B723CF6CE5003C784B /* VisitorTableViewController.swift */,
				77EDE5DA23D0A16700C33036 /* VisitorView.swift */,
			);
			path = Visitor;
			sourceTree = "<group>";
		};
		772A804823E982780058AA34 /* RefreshView */ = {
			isa = PBXGroup;
			children = (
				772A804923E982C90058AA34 /* WBRefreshControl.swift */,
				772A804B23E9867B0058AA34 /* WBRefreshView.xib */,
			);
			path = RefreshView;
			sourceTree = "<group>";
		};
		774DA1E723D5EE7B003A2EF2 /* NewFeature */ = {
			isa = PBXGroup;
			children = (
				774DA1E823D5EED7003A2EF2 /* NewFeatureViewController.swift */,
				77D964D323E2FF2500964BC3 /* WelcomeViewController.swift */,
			);
			path = NewFeature;
			sourceTree = "<group>";
		};
		7757550C240BCA8A00972562 /* DiskStorage */ = {
			isa = PBXGroup;
			children = (
				77792258240FB82700E039DF /* FMDBLib */,
				77B15AC2240E25D500791815 /* DataBase */,
			);
			path = DiskStorage;
			sourceTree = "<group>";
		};
		7766448323EFF6B9002BC384 /* Emoticon */ = {
			isa = PBXGroup;
			children = (
				7766448623EFF6B9002BC384 /* EmoticonView.swift */,
				7766448723EFF6B9002BC384 /* Emoticons.bundle */,
				7766448823EFF6B9002BC384 /* Model */,
			);
			path = Emoticon;
			sourceTree = "<group>";
		};
		7766448823EFF6B9002BC384 /* Model */ = {
			isa = PBXGroup;
			children = (
				7766448523EFF6B9002BC384 /* EmoticonManager.swift */,
				7766448A23EFF6B9002BC384 /* EmoticonPackage.swift */,
				7766448923EFF6B9002BC384 /* Emoticon.swift */,
				776F936223F2EE3300F2057D /* EmoticonAttachment.swift */,
			);
			path = Model;
			sourceTree = "<group>";
		};
		77792258240FB82700E039DF /* FMDBLib */ = {
			isa = PBXGroup;
			children = (
				77792259240FB82700E039DF /* Swift extensions */,
				77792263240FB82700E039DF /* FMDB.h */,
				7779225F240FB82700E039DF /* FMDatabasePool.h */,
				77792265240FB82700E039DF /* FMDatabasePool.m */,
				7779225E240FB82700E039DF /* FMResultSet.h */,
				77792261240FB82700E039DF /* FMDatabase.m */,
				7779225C240FB82700E039DF /* FMDatabase.h */,
				77792266240FB82700E039DF /* FMResultSet.m */,
				77792262240FB82700E039DF /* FMDatabaseQueue.h */,
				7779225D240FB82700E039DF /* FMDatabaseQueue.m */,
				77792264240FB82700E039DF /* FMDatabaseAdditions.h */,
				77792260240FB82700E039DF /* FMDatabaseAdditions.m */,
			);
			path = FMDBLib;
			sourceTree = "<group>";
		};
		77792259240FB82700E039DF /* Swift extensions */ = {
			isa = PBXGroup;
			children = (
				7779225A240FB82700E039DF /* FMDatabaseAdditionsVariadic.swift */,
				7779225B240FB82700E039DF /* FMDatabaseVariadic.swift */,
			);
			path = "Swift extensions";
			sourceTree = "<group>";
		};
		77A3E3012407CAE300D41E2F /* PhotoBrowser */ = {
			isa = PBXGroup;
			children = (
				7735BA53240A58D4001CC97E /* PhotoBrowserAnimator.swift */,
				777179E92403F15D00CFD390 /* PicturePickerController.swift */,
				77A3E3022407CB4600D41E2F /* PhotoBrowserViewController.swift */,
				77A3E3062407ECE500D41E2F /* PhotoBrowserCell.swift */,
				77092AA424094534009D82AD /* ProgressImageView.swift */,
			);
			path = PhotoBrowser;
			sourceTree = "<group>";
		};
		77B15AC2240E25D500791815 /* DataBase */ = {
			isa = PBXGroup;
			children = (
				7757550D240BCA9C00972562 /* db.sql */,
				77575511240BDF4B00972562 /* Dao.h */,
				77575512240BDF4B00972562 /* Dao.m */,
				77A8C00523CB5EC10039970F /* DataBaseAPI.swift */,
				77575516240BE8D200972562 /* SQLiteManager.swift */,
				77B15ADD240E329700791815 /* FMDBManager.swift */,
				77575514240BDF7A00972562 /* SQLite-Brideg.h */,
			);
			path = DataBase;
			sourceTree = "<group>";
		};
		77C413CD23E592BB008EE41D /* Cells */ = {
			isa = PBXGroup;
			children = (
				77C413CE23E5A2EB008EE41D /* StatusCell.swift */,
				773956E523E84267005AF55E /* StatusNormalCell.swift */,
				773956E323E819ED005AF55E /* StatusRetweetedCell.swift */,
				77C413D023E5A344008EE41D /* StatusCellTopView.swift */,
				77C413D223E5A35F008EE41D /* StatusCellBottomView.swift */,
				773C3A1F23E6AF9B00112F40 /* StatusPictureView.swift */,
			);
			path = Cells;
			sourceTree = "<group>";
		};
		77F489A0240225D9006D04DB /* Compose */ = {
			isa = PBXGroup;
			children = (
				77F489A324022748006D04DB /* ComposeViewController.swift */,
			);
			path = Compose;
			sourceTree = "<group>";
		};
		7DBEE80F939F92D9A14C24EC /* Pods */ = {
			isa = PBXGroup;
			children = (
				4BABF964E5DAEA7F29B631FB /* Pods-DW_iOS.debug.xcconfig */,
				678BB79C5E664F5183D33499 /* Pods-DW_iOS.release.xcconfig */,
			);
			name = Pods;
			sourceTree = "<group>";
		};
		B10D64E00A2560EDBAF2139D /* Frameworks */ = {
			isa = PBXGroup;
			children = (
				7757550F240BCCDA00972562 /* libsqlite3.tbd */,
				70BBD3C57BC4974AD56EEE4C /* Pods_DW_iOS.framework */,
			);
			name = Frameworks;
			sourceTree = "<group>";
		};
/* End PBXGroup section */

/* Begin PBXNativeTarget section */
		63774CA51D86598500DCC727 /* DW_iOS */ = {
			isa = PBXNativeTarget;
			buildConfigurationList = 63774CB81D86598500DCC727 /* Build configuration list for PBXNativeTarget "DW_iOS" */;
			buildPhases = (
				4C7FC5D0890F0234F6B287BF /* [CP] Check Pods Manifest.lock */,
				BA13321CF9D05FAA5F673385 /* 📦 Check Pods Manifest.lock */,
				63774CA21D86598500DCC727 /* Sources */,
				63774CA31D86598500DCC727 /* Frameworks */,
				63774CA41D86598500DCC727 /* Resources */,
				9C14EBE79E1A6F5E372622F0 /* 📦 Embed Pods Frameworks */,
				1433D8F34924BD78CB4356F0 /* [CP] Embed Pods Frameworks */,
				778A6BB723CF0413005D5AAD /* Embed Frameworks */,
			);
			buildRules = (
			);
			dependencies = (
			);
			name = DW_iOS;
			productName = DW_iOS;
			productReference = 63774CA61D86598500DCC727 /* DW_iOS.app */;
			productType = "com.apple.product-type.application";
		};
/* End PBXNativeTarget section */

/* Begin PBXProject section */
		63774C9E1D86598500DCC727 /* Project object */ = {
			isa = PBXProject;
			attributes = {
				LastSwiftUpdateCheck = 0720;
				LastUpgradeCheck = 0800;
				ORGANIZATIONNAME = "@huse.cn";
				TargetAttributes = {
					63774CA51D86598500DCC727 = {
						CreatedOnToolsVersion = 7.2;
						DevelopmentTeam = 6MQB4ZQC42;
						LastSwiftMigration = 1130;
						ProvisioningStyle = Automatic;
					};
				};
			};
			buildConfigurationList = 63774CA11D86598500DCC727 /* Build configuration list for PBXProject "DW_iOS" */;
			compatibilityVersion = "Xcode 3.2";
			developmentRegion = English;
			hasScannedForEncodings = 0;
			knownRegions = (
				English,
				en,
				Base,
			);
			mainGroup = 63774C9D1D86598500DCC727;
			productRefGroup = 63774CA71D86598500DCC727 /* Products */;
			projectDirPath = "";
			projectRoot = "";
			targets = (
				63774CA51D86598500DCC727 /* DW_iOS */,
			);
		};
/* End PBXProject section */

/* Begin PBXResourcesBuildPhase section */
		63774CA41D86598500DCC727 /* Resources */ = {
			isa = PBXResourcesBuildPhase;
			buildActionMask = 2147483647;
			files = (
				63774CB41D86598500DCC727 /* LaunchScreen.storyboard in Resources */,
				77F670E0242F1DC600CFF4A1 /* Live.storyboard in Resources */,
				63A9773F1DAC788300DB9157 /* AmuseMenuViewCell.xib in Resources */,
				632FCEA61D8E751000C9F8D6 /* CollectionHeaderView.xib in Resources */,
				632FCEAA1D8E779600C9F8D6 /* CollectionNormalCell.xib in Resources */,
				77F670DE242F1DC600CFF4A1 /* Home.storyboard in Resources */,
				63774CB11D86598500DCC727 /* Assets.xcassets in Resources */,
				77F670DF242F1DC600CFF4A1 /* Profile.storyboard in Resources */,
				63774CAF1D86598500DCC727 /* Main.storyboard in Resources */,
				7766448D23EFF6B9002BC384 /* Emoticons.bundle in Resources */,
				772A804C23E9867B0058AA34 /* WBRefreshView.xib in Resources */,
				632FDC691D9230FC00B6C536 /* CollectionGameCell.xib in Resources */,
				63A9773B1DAC746200DB9157 /* AmuseMenuView.xib in Resources */,
				7757550E240BCA9C00972562 /* db.sql in Resources */,
				632FDC5B1D9217B500B6C536 /* RecommendCycleView.xib in Resources */,
				77F670E1242F1DC600CFF4A1 /* Follow.storyboard in Resources */,
				632FDC611D92228000B6C536 /* CollectionCycleCell.xib in Resources */,
				632FCEAE1D8E7CF400C9F8D6 /* CollectionPrettyCell.xib in Resources */,
				632FDC651D922CFC00B6C536 /* RecommendGameView.xib in Resources */,
				7772BD2C23CCC29A006035AC /* Dao.storyboard in Resources */,
			);
			runOnlyForDeploymentPostprocessing = 0;
		};
/* End PBXResourcesBuildPhase section */

/* Begin PBXShellScriptBuildPhase section */
		1433D8F34924BD78CB4356F0 /* [CP] Embed Pods Frameworks */ = {
			isa = PBXShellScriptBuildPhase;
			buildActionMask = 2147483647;
			files = (
			);
			inputFileListPaths = (
			);
			inputPaths = (
				"${SRCROOT}/Pods/Target Support Files/Pods-DW_iOS/Pods-DW_iOS-frameworks.sh",
				"${BUILT_PRODUCTS_DIR}/Alamofire/Alamofire.framework",
				"${BUILT_PRODUCTS_DIR}/DGElasticPullToRefresh/DGElasticPullToRefresh.framework",
				"${BUILT_PRODUCTS_DIR}/FFLabel/FFLabel.framework",
				"${BUILT_PRODUCTS_DIR}/Kingfisher/Kingfisher.framework",
				"${BUILT_PRODUCTS_DIR}/NVActivityIndicatorView/NVActivityIndicatorView.framework",
				"${BUILT_PRODUCTS_DIR}/QorumLogs/QorumLogs.framework",
				"${BUILT_PRODUCTS_DIR}/RxCocoa/RxCocoa.framework",
				"${BUILT_PRODUCTS_DIR}/RxRelay/RxRelay.framework",
				"${BUILT_PRODUCTS_DIR}/RxSwift/RxSwift.framework",
				"${BUILT_PRODUCTS_DIR}/SnapKit/SnapKit.framework",
				"${BUILT_PRODUCTS_DIR}/SwiftyJSON/SwiftyJSON.framework",
				"${BUILT_PRODUCTS_DIR}/Toast-Swift/Toast_Swift.framework",
			);
			name = "[CP] Embed Pods Frameworks";
			outputFileListPaths = (
			);
			outputPaths = (
				"${TARGET_BUILD_DIR}/${FRAMEWORKS_FOLDER_PATH}/Alamofire.framework",
				"${TARGET_BUILD_DIR}/${FRAMEWORKS_FOLDER_PATH}/DGElasticPullToRefresh.framework",
				"${TARGET_BUILD_DIR}/${FRAMEWORKS_FOLDER_PATH}/FFLabel.framework",
				"${TARGET_BUILD_DIR}/${FRAMEWORKS_FOLDER_PATH}/Kingfisher.framework",
				"${TARGET_BUILD_DIR}/${FRAMEWORKS_FOLDER_PATH}/NVActivityIndicatorView.framework",
				"${TARGET_BUILD_DIR}/${FRAMEWORKS_FOLDER_PATH}/QorumLogs.framework",
				"${TARGET_BUILD_DIR}/${FRAMEWORKS_FOLDER_PATH}/RxCocoa.framework",
				"${TARGET_BUILD_DIR}/${FRAMEWORKS_FOLDER_PATH}/RxRelay.framework",
				"${TARGET_BUILD_DIR}/${FRAMEWORKS_FOLDER_PATH}/RxSwift.framework",
				"${TARGET_BUILD_DIR}/${FRAMEWORKS_FOLDER_PATH}/SnapKit.framework",
				"${TARGET_BUILD_DIR}/${FRAMEWORKS_FOLDER_PATH}/SwiftyJSON.framework",
				"${TARGET_BUILD_DIR}/${FRAMEWORKS_FOLDER_PATH}/Toast_Swift.framework",
			);
			runOnlyForDeploymentPostprocessing = 0;
			shellPath = /bin/sh;
			shellScript = "\"${SRCROOT}/Pods/Target Support Files/Pods-DW_iOS/Pods-DW_iOS-frameworks.sh\"\n";
			showEnvVarsInLog = 0;
		};
		4C7FC5D0890F0234F6B287BF /* [CP] Check Pods Manifest.lock */ = {
			isa = PBXShellScriptBuildPhase;
			buildActionMask = 2147483647;
			files = (
			);
			inputFileListPaths = (
			);
			inputPaths = (
				"${PODS_PODFILE_DIR_PATH}/Podfile.lock",
				"${PODS_ROOT}/Manifest.lock",
			);
			name = "[CP] Check Pods Manifest.lock";
			outputFileListPaths = (
			);
			outputPaths = (
				"$(DERIVED_FILE_DIR)/Pods-DW_iOS-checkManifestLockResult.txt",
			);
			runOnlyForDeploymentPostprocessing = 0;
			shellPath = /bin/sh;
			shellScript = "diff \"${PODS_PODFILE_DIR_PATH}/Podfile.lock\" \"${PODS_ROOT}/Manifest.lock\" > /dev/null\nif [ $? != 0 ] ; then\n    # print error to STDERR\n    echo \"error: The sandbox is not in sync with the Podfile.lock. Run 'pod install' or update your CocoaPods installation.\" >&2\n    exit 1\nfi\n# This output is used by Xcode 'outputs' to avoid re-running this script phase.\necho \"SUCCESS\" > \"${SCRIPT_OUTPUT_FILE_0}\"\n";
			showEnvVarsInLog = 0;
		};
		9C14EBE79E1A6F5E372622F0 /* 📦 Embed Pods Frameworks */ = {
			isa = PBXShellScriptBuildPhase;
			buildActionMask = 2147483647;
			files = (
			);
			inputPaths = (
			);
			name = "📦 Embed Pods Frameworks";
			outputPaths = (
			);
			runOnlyForDeploymentPostprocessing = 0;
			shellPath = /bin/sh;
			shellScript = "\"${SRCROOT}/Pods/Target Support Files/Pods-DW_iOS/Pods-DW_iOS-frameworks.sh\"\n";
			showEnvVarsInLog = 0;
		};
		BA13321CF9D05FAA5F673385 /* 📦 Check Pods Manifest.lock */ = {
			isa = PBXShellScriptBuildPhase;
			buildActionMask = 2147483647;
			files = (
			);
			inputPaths = (
			);
			name = "📦 Check Pods Manifest.lock";
			outputPaths = (
			);
			runOnlyForDeploymentPostprocessing = 0;
			shellPath = /bin/sh;
			shellScript = "diff \"${PODS_ROOT}/../Podfile.lock\" \"${PODS_ROOT}/Manifest.lock\" > /dev/null\nif [[ $? != 0 ]] ; then\n    cat << EOM\nerror: The sandbox is not in sync with the Podfile.lock. Run 'pod install' or update your CocoaPods installation.\nEOM\n    exit 1\nfi\n";
			showEnvVarsInLog = 0;
		};
/* End PBXShellScriptBuildPhase section */

/* Begin PBXSourcesBuildPhase section */
		63774CA21D86598500DCC727 /* Sources */ = {
			isa = PBXSourcesBuildPhase;
			buildActionMask = 2147483647;
			files = (
				77DBD5DD23A7BBBE005C6DB3 /* NewsModel.swift in Sources */,
				77D964D423E2FF2500964BC3 /* WelcomeViewController.swift in Sources */,
				7753597523E4757B00F178F5 /* StatusListViewModel.swift in Sources */,
				77792269240FB82700E039DF /* FMDatabaseQueue.m in Sources */,
				632FDC591D92179E00B6C536 /* RecommendCycleView.swift in Sources */,
				7735BA29240A3568001CC97E /* Toast+Extension.swift in Sources */,
				771A31B823CF6CE5003C784B /* VisitorTableViewController.swift in Sources */,
				7735BA54240A58D4001CC97E /* PhotoBrowserAnimator.swift in Sources */,
				63774CAA1D86598500DCC727 /* AppDelegate.swift in Sources */,
				771BC1CD23D31295006A2AF3 /* OAuthViewController.swift in Sources */,
				77575513240BDF4B00972562 /* Dao.m in Sources */,
				77B15ADE240E329700791815 /* FMDBManager.swift in Sources */,
				777A6A6023BCAB7B00D8229B /* KThread.swift in Sources */,
				63517CE31DAB853600ACACBF /* AmuseViewModel.swift in Sources */,
				632FCEA51D8E751000C9F8D6 /* CollectionHeaderView.swift in Sources */,
				773956E623E84267005AF55E /* StatusNormalCell.swift in Sources */,
				638C60E51DA8ECC100A370F1 /* GameViewModel.swift in Sources */,
				776F936523F2FC6200F2057D /* UITextView+Emoticon.swift in Sources */,
				6332FCF71DB07009002F1054 /* BaseViewController.swift in Sources */,
				77A8C00623CB5EC10039970F /* DataBaseAPI.swift in Sources */,
				77A3E3032407CB4600D41E2F /* PhotoBrowserViewController.swift in Sources */,
				77092AA524094534009D82AD /* ProgressImageView.swift in Sources */,
				63517CE81DAB8B2700ACACBF /* BaseAnchorViewController.swift in Sources */,
				638C60E31DA8E91700A370F1 /* GameViewController.swift in Sources */,
				632FCEA21D8E6CCB00C9F8D6 /* RecommendViewController.swift in Sources */,
				77306F3623D20FAD0041A5AE /* DisatchQueue+Extension.swift in Sources */,
				77A3E3072407ECE500D41E2F /* PhotoBrowserCell.swift in Sources */,
				63744BF11D8F862C00BF4B96 /* AnchorGroup.swift in Sources */,
				63A9773E1DAC788300DB9157 /* AmuseMenuViewCell.swift in Sources */,
				6332FD011DB07FA0002F1054 /* CustomNavigationController.swift in Sources */,
				7779226D240FB82700E039DF /* FMResultSet.m in Sources */,
				6332FCFF1DB07C29002F1054 /* RoomNormalViewController.swift in Sources */,
				6332FCF31DB0659F002F1054 /* FunnyViewController.swift in Sources */,
				773C3A2023E6AF9B00112F40 /* StatusPictureView.swift in Sources */,
				77D036262413E6A8001B230F /* String+Regex.swift in Sources */,
				7772BD2E23CCC2CB006035AC /* DaoViewController.swift in Sources */,
				77F489A424022748006D04DB /* ComposeViewController.swift in Sources */,
				7766448C23EFF6B9002BC384 /* EmoticonView.swift in Sources */,
				7735BA50240A4DD1001CC97E /* NetworkTools.swift in Sources */,
				77C413CA23E56E7C008EE41D /* User.swift in Sources */,
				77C413CF23E5A2EB008EE41D /* StatusCell.swift in Sources */,
				777179E52403C9A300CFD390 /* ComposeViewModel.swift in Sources */,
				63F571C61D88D8DF002761B7 /* MainViewController.swift in Sources */,
				63F571CD1D88E9D2002761B7 /* PageTitleView.swift in Sources */,
				77306F2E23D1F93C0041A5AE /* UILabel+Extension.swift in Sources */,
				63517CE61DAB89EC00ACACBF /* BaseViewModel.swift in Sources */,
				7735BA52240A4DD9001CC97E /* Common.swift in Sources */,
				772A804A23E982C90058AA34 /* WBRefreshControl.swift in Sources */,
				632FDC601D92228000B6C536 /* CollectionCycleCell.swift in Sources */,
				77C413D323E5A35F008EE41D /* StatusCellBottomView.swift in Sources */,
				7766448F23EFF6B9002BC384 /* EmoticonPackage.swift in Sources */,
				771A31AD23CF3323003C784B /* WBProfileViewController.swift in Sources */,
				77ED1AAA241107D100758C55 /* StatusDAL.swift in Sources */,
				77792267240FB82700E039DF /* FMDatabaseAdditionsVariadic.swift in Sources */,
				7753597123E438F400F178F5 /* UIView+IndicatorView.swift in Sources */,
				7766448B23EFF6B9002BC384 /* EmoticonManager.swift in Sources */,
				638C60E71DA8EDD000A370F1 /* GameModel.swift in Sources */,
				7735BA4E240A4DAE001CC97E /* UIColor+Extension.swift in Sources */,
				6332FCF51DB0698A002F1054 /* FunnyViewModel.swift in Sources */,
				771A31AF23CF3330003C784B /* WeiBoMainViewController.swift in Sources */,
				638C60E91DA8EEA200A370F1 /* BaseGameModel.swift in Sources */,
				632FDC5D1D921F7800B6C536 /* CycleModel.swift in Sources */,
				77E3315923A6467800E3416D /* HttpTools.swift in Sources */,
				77C413CC23E58FC8008EE41D /* StatusViewModel.swift in Sources */,
				63517CE11DAB82CE00ACACBF /* AmuseViewController.swift in Sources */,
				7779226B240FB82700E039DF /* FMDatabase.m in Sources */,
				776F936323F2EE3300F2057D /* EmoticonAttachment.swift in Sources */,
				63F571D11D88F249002761B7 /* PageContentView.swift in Sources */,
				777179EA2403F15D00CFD390 /* PicturePickerController.swift in Sources */,
				77214FF0242CE76C00E9E0A1 /* SeniorLearning.swift in Sources */,
				771BC1CF23D343C4006A2AF3 /* UserAccount.swift in Sources */,
				632FDC631D922CF000B6C536 /* RecommendGameView.swift in Sources */,
				632FCEAD1D8E7CF400C9F8D6 /* CollectionPrettyCell.swift in Sources */,
				77EDE5DB23D0A16700C33036 /* VisitorView.swift in Sources */,
				63744BF51D8FC37600BF4B96 /* CollectionBaseCell.swift in Sources */,
				63A977391DAC744D00DB9157 /* AmuseMenuView.swift in Sources */,
				77792268240FB82700E039DF /* FMDatabaseVariadic.swift in Sources */,
				77D8F14023EEDF7700935B2D /* String+Emoji.swift in Sources */,
				77B8D4B72414C578003157EA /* HomeWebViewControler.swift in Sources */,
				77C413D123E5A344008EE41D /* StatusCellTopView.swift in Sources */,
				771A31B223CF47CA003C784B /* MessageTableViewController.swift in Sources */,
				771A31B523CF63DA003C784B /* UIButton+Extension.swift in Sources */,
				7779226C240FB82700E039DF /* FMDatabasePool.m in Sources */,
				632FCEA91D8E779600C9F8D6 /* CollectionNormalCell.swift in Sources */,
				77575517240BE8D200972562 /* SQLiteManager.swift in Sources */,
				77F489A8240244B1006D04DB /* UIBarButtonItem+Extension.swift in Sources */,
				632FDC681D9230FC00B6C536 /* CollectionGameCell.swift in Sources */,
				771A31A923CF32DB003C784B /* WBHomeViewController.swift in Sources */,
				770BF40C23A4E09E0053FAA2 /* BasisLearning.swift in Sources */,
				773C0A1B23D48FAE00C05297 /* UserAccountViewModel.swift in Sources */,
				7732034D2405587F00330AE8 /* UIImage+Extension.swift in Sources */,
				6332FCFD1DB07C0C002F1054 /* RoomShowViewController.swift in Sources */,
				774DA1E923D5EED7003A2EF2 /* NewFeatureViewController.swift in Sources */,
				77306F3023D1FBDE0041A5AE /* UIImageView+Extension.swift in Sources */,
				7766448E23EFF6B9002BC384 /* Emoticon.swift in Sources */,
				7753597323E4663000F178F5 /* Status.swift in Sources */,
				773956E423E819ED005AF55E /* StatusRetweetedCell.swift in Sources */,
				63F571C81D88D917002761B7 /* HomeViewController.swift in Sources */,
				7779226A240FB82700E039DF /* FMDatabaseAdditions.m in Sources */,
				63744BED1D8F7FA600BF4B96 /* RecommendViewModel.swift in Sources */,
				77D036242413DA5F001B230F /* Date+Extension.swift in Sources */,
				63744BF31D8F875B00BF4B96 /* AnchorModel.swift in Sources */,
				771A31AB23CF3317003C784B /* WBDiscoverViewController.swift in Sources */,
			);
			runOnlyForDeploymentPostprocessing = 0;
		};
/* End PBXSourcesBuildPhase section */

/* Begin PBXVariantGroup section */
		63774CAD1D86598500DCC727 /* Main.storyboard */ = {
			isa = PBXVariantGroup;
			children = (
				63774CAE1D86598500DCC727 /* Base */,
			);
			name = Main.storyboard;
			path = ../../..;
			sourceTree = "<group>";
		};
		63774CB21D86598500DCC727 /* LaunchScreen.storyboard */ = {
			isa = PBXVariantGroup;
			children = (
				63774CB31D86598500DCC727 /* Base */,
			);
			name = LaunchScreen.storyboard;
			sourceTree = "<group>";
		};
		77F670D6242F1DC500CFF4A1 /* Home.storyboard */ = {
			isa = PBXVariantGroup;
			children = (
				77F670D7242F1DC500CFF4A1 /* Base */,
			);
			name = Home.storyboard;
			sourceTree = "<group>";
		};
		77F670D8242F1DC500CFF4A1 /* Profile.storyboard */ = {
			isa = PBXVariantGroup;
			children = (
				77F670D9242F1DC500CFF4A1 /* Base */,
			);
			name = Profile.storyboard;
			sourceTree = "<group>";
		};
		77F670DA242F1DC500CFF4A1 /* Live.storyboard */ = {
			isa = PBXVariantGroup;
			children = (
				77F670DB242F1DC500CFF4A1 /* Base */,
			);
			name = Live.storyboard;
			sourceTree = "<group>";
		};
		77F670DC242F1DC600CFF4A1 /* Follow.storyboard */ = {
			isa = PBXVariantGroup;
			children = (
				77F670DD242F1DC600CFF4A1 /* Base */,
			);
			name = Follow.storyboard;
			sourceTree = "<group>";
		};
/* End PBXVariantGroup section */

/* Begin XCBuildConfiguration section */
		63774CB61D86598500DCC727 /* Debug */ = {
			isa = XCBuildConfiguration;
			buildSettings = {
				ALWAYS_SEARCH_USER_PATHS = NO;
				CLANG_CXX_LANGUAGE_STANDARD = "gnu++0x";
				CLANG_CXX_LIBRARY = "libc++";
				CLANG_ENABLE_MODULES = YES;
				CLANG_ENABLE_OBJC_ARC = YES;
				CLANG_WARN_BOOL_CONVERSION = YES;
				CLANG_WARN_CONSTANT_CONVERSION = YES;
				CLANG_WARN_DIRECT_OBJC_ISA_USAGE = YES_ERROR;
				CLANG_WARN_EMPTY_BODY = YES;
				CLANG_WARN_ENUM_CONVERSION = YES;
				CLANG_WARN_INFINITE_RECURSION = YES;
				CLANG_WARN_INT_CONVERSION = YES;
				CLANG_WARN_OBJC_ROOT_CLASS = YES_ERROR;
				CLANG_WARN_SUSPICIOUS_MOVE = YES;
				CLANG_WARN_UNREACHABLE_CODE = YES;
				CLANG_WARN__DUPLICATE_METHOD_MATCH = YES;
				"CODE_SIGN_IDENTITY[sdk=iphoneos*]" = "iPhone Developer";
				COPY_PHASE_STRIP = NO;
				DEBUG_INFORMATION_FORMAT = dwarf;
				ENABLE_STRICT_OBJC_MSGSEND = YES;
				ENABLE_TESTABILITY = YES;
				GCC_C_LANGUAGE_STANDARD = gnu99;
				GCC_DYNAMIC_NO_PIC = NO;
				GCC_NO_COMMON_BLOCKS = YES;
				GCC_OPTIMIZATION_LEVEL = 0;
				GCC_PREPROCESSOR_DEFINITIONS = (
					"DEBUG=1",
					"$(inherited)",
				);
				GCC_WARN_64_TO_32_BIT_CONVERSION = YES;
				GCC_WARN_ABOUT_RETURN_TYPE = YES_ERROR;
				GCC_WARN_UNDECLARED_SELECTOR = YES;
				GCC_WARN_UNINITIALIZED_AUTOS = YES_AGGRESSIVE;
				GCC_WARN_UNUSED_FUNCTION = YES;
				GCC_WARN_UNUSED_VARIABLE = YES;
				IPHONEOS_DEPLOYMENT_TARGET = 10.0;
				MTL_ENABLE_DEBUG_INFO = YES;
				ONLY_ACTIVE_ARCH = YES;
				SDKROOT = iphoneos;
				SWIFT_OPTIMIZATION_LEVEL = "-Onone";
				SWIFT_VERSION = 4.2;
			};
			name = Debug;
		};
		63774CB71D86598500DCC727 /* Release */ = {
			isa = XCBuildConfiguration;
			buildSettings = {
				ALWAYS_SEARCH_USER_PATHS = NO;
				CLANG_CXX_LANGUAGE_STANDARD = "gnu++0x";
				CLANG_CXX_LIBRARY = "libc++";
				CLANG_ENABLE_MODULES = YES;
				CLANG_ENABLE_OBJC_ARC = YES;
				CLANG_WARN_BOOL_CONVERSION = YES;
				CLANG_WARN_CONSTANT_CONVERSION = YES;
				CLANG_WARN_DIRECT_OBJC_ISA_USAGE = YES_ERROR;
				CLANG_WARN_EMPTY_BODY = YES;
				CLANG_WARN_ENUM_CONVERSION = YES;
				CLANG_WARN_INFINITE_RECURSION = YES;
				CLANG_WARN_INT_CONVERSION = YES;
				CLANG_WARN_OBJC_ROOT_CLASS = YES_ERROR;
				CLANG_WARN_SUSPICIOUS_MOVE = YES;
				CLANG_WARN_UNREACHABLE_CODE = YES;
				CLANG_WARN__DUPLICATE_METHOD_MATCH = YES;
				"CODE_SIGN_IDENTITY[sdk=iphoneos*]" = "iPhone Developer";
				COPY_PHASE_STRIP = NO;
				DEBUG_INFORMATION_FORMAT = "dwarf-with-dsym";
				ENABLE_NS_ASSERTIONS = NO;
				ENABLE_STRICT_OBJC_MSGSEND = YES;
				GCC_C_LANGUAGE_STANDARD = gnu99;
				GCC_NO_COMMON_BLOCKS = YES;
				GCC_WARN_64_TO_32_BIT_CONVERSION = YES;
				GCC_WARN_ABOUT_RETURN_TYPE = YES_ERROR;
				GCC_WARN_UNDECLARED_SELECTOR = YES;
				GCC_WARN_UNINITIALIZED_AUTOS = YES_AGGRESSIVE;
				GCC_WARN_UNUSED_FUNCTION = YES;
				GCC_WARN_UNUSED_VARIABLE = YES;
				IPHONEOS_DEPLOYMENT_TARGET = 10.0;
				MTL_ENABLE_DEBUG_INFO = NO;
				SDKROOT = iphoneos;
				SWIFT_OPTIMIZATION_LEVEL = "-Owholemodule";
				SWIFT_VERSION = 4.2;
				VALIDATE_PRODUCT = YES;
			};
			name = Release;
		};
		63774CB91D86598500DCC727 /* Debug */ = {
			isa = XCBuildConfiguration;
			baseConfigurationReference = 4BABF964E5DAEA7F29B631FB /* Pods-DW_iOS.debug.xcconfig */;
			buildSettings = {
				ASSETCATALOG_COMPILER_APPICON_NAME = AppIcon;
				ASSETCATALOG_COMPILER_LAUNCHIMAGE_NAME = "Brand Assets";
				CLANG_ENABLE_MODULES = YES;
				CODE_SIGN_IDENTITY = "Apple Development";
				CODE_SIGN_STYLE = Automatic;
				DEVELOPMENT_TEAM = 6MQB4ZQC42;
				INFOPLIST_FILE = DW_iOS/Info.plist;
				IPHONEOS_DEPLOYMENT_TARGET = 10.0;
				LD_RUNPATH_SEARCH_PATHS = "$(inherited) @executable_path/Frameworks";
				OTHER_SWIFT_FLAGS = "$(inherited) \"-D\" \"COCOAPODS\" -D DEBUG";
				PRODUCT_BUNDLE_IDENTIFIER = com.itouchtv.cn;
				PRODUCT_NAME = "$(TARGET_NAME)";
				PROVISIONING_PROFILE = "21738391-6184-4a0c-880f-0fda0bd267ea";
				PROVISIONING_PROFILE_SPECIFIER = "";
				SWIFT_OBJC_BRIDGING_HEADER = "$(SRCROOT)/Weibo/DiskStorage/DataBase/SQLite-Brideg.h";
				SWIFT_OPTIMIZATION_LEVEL = "-Onone";
				SWIFT_VERSION = 5.0;
			};
			name = Debug;
		};
		63774CBA1D86598500DCC727 /* Release */ = {
			isa = XCBuildConfiguration;
			baseConfigurationReference = 678BB79C5E664F5183D33499 /* Pods-DW_iOS.release.xcconfig */;
			buildSettings = {
				ASSETCATALOG_COMPILER_APPICON_NAME = AppIcon;
				ASSETCATALOG_COMPILER_LAUNCHIMAGE_NAME = "Brand Assets";
				CLANG_ENABLE_MODULES = YES;
				CODE_SIGN_IDENTITY = "Apple Development";
				CODE_SIGN_STYLE = Automatic;
				DEVELOPMENT_TEAM = 6MQB4ZQC42;
				INFOPLIST_FILE = DW_iOS/Info.plist;
				IPHONEOS_DEPLOYMENT_TARGET = 10.0;
				LD_RUNPATH_SEARCH_PATHS = "$(inherited) @executable_path/Frameworks";
				OTHER_SWIFT_FLAGS = "$(inherited) \"-D\" \"COCOAPODS\" -D DEBUG";
				PRODUCT_BUNDLE_IDENTIFIER = com.itouchtv.cn;
				PRODUCT_NAME = "$(TARGET_NAME)";
				PROVISIONING_PROFILE = "21738391-6184-4a0c-880f-0fda0bd267ea";
				PROVISIONING_PROFILE_SPECIFIER = "";
				SWIFT_OBJC_BRIDGING_HEADER = "$(SRCROOT)/Weibo/DiskStorage/DataBase/SQLite-Brideg.h";
				SWIFT_VERSION = 5.0;
			};
			name = Release;
		};
/* End XCBuildConfiguration section */

/* Begin XCConfigurationList section */
		63774CA11D86598500DCC727 /* Build configuration list for PBXProject "DW_iOS" */ = {
			isa = XCConfigurationList;
			buildConfigurations = (
				63774CB61D86598500DCC727 /* Debug */,
				63774CB71D86598500DCC727 /* Release */,
			);
			defaultConfigurationIsVisible = 0;
			defaultConfigurationName = Release;
		};
		63774CB81D86598500DCC727 /* Build configuration list for PBXNativeTarget "DW_iOS" */ = {
			isa = XCConfigurationList;
			buildConfigurations = (
				63774CB91D86598500DCC727 /* Debug */,
				63774CBA1D86598500DCC727 /* Release */,
			);
			defaultConfigurationIsVisible = 0;
			defaultConfigurationName = Release;
		};
/* End XCConfigurationList section */
	};
	rootObject = 63774C9E1D86598500DCC727 /* Project object */;
}
